// !$*UTF8*$!
{
	archiveVersion = 1;
	classes = {
	};
	objectVersion = 46;
	objects = {

/* Begin PBXBuildFile section */
		512F2B931EB1DC2F0061FDB0 /* main.m in Sources */ = {isa = PBXBuildFile; fileRef = 512F2B921EB1DC2F0061FDB0 /* main.m */; };
		512F2B961EB1DC2F0061FDB0 /* AppDelegate.m in Sources */ = {isa = PBXBuildFile; fileRef = 512F2B951EB1DC2F0061FDB0 /* AppDelegate.m */; };
		512F2B991EB1DC2F0061FDB0 /* ViewController.m in Sources */ = {isa = PBXBuildFile; fileRef = 512F2B981EB1DC2F0061FDB0 /* ViewController.m */; };
		512F2B9C1EB1DC2F0061FDB0 /* Main.storyboard in Resources */ = {isa = PBXBuildFile; fileRef = 512F2B9A1EB1DC2F0061FDB0 /* Main.storyboard */; };
		512F2B9E1EB1DC2F0061FDB0 /* Assets.xcassets in Resources */ = {isa = PBXBuildFile; fileRef = 512F2B9D1EB1DC2F0061FDB0 /* Assets.xcassets */; };
		512F2BA11EB1DC2F0061FDB0 /* LaunchScreen.storyboard in Resources */ = {isa = PBXBuildFile; fileRef = 512F2B9F1EB1DC2F0061FDB0 /* LaunchScreen.storyboard */; };
		512F2BAC1EB1DC2F0061FDB0 /* MRChangeViewDemoTests.m in Sources */ = {isa = PBXBuildFile; fileRef = 512F2BAB1EB1DC2F0061FDB0 /* MRChangeViewDemoTests.m */; };
		512F2BB71EB1DC2F0061FDB0 /* MRChangeViewDemoUITests.m in Sources */ = {isa = PBXBuildFile; fileRef = 512F2BB61EB1DC2F0061FDB0 /* MRChangeViewDemoUITests.m */; };
		512F2C731EB1DF350061FDB0 /* NSArray+MRLog.m in Sources */ = {isa = PBXBuildFile; fileRef = 512F2C2E1EB1DF350061FDB0 /* NSArray+MRLog.m */; };
		512F2C741EB1DF350061FDB0 /* NSAttributedString+MRAttributedString.m in Sources */ = {isa = PBXBuildFile; fileRef = 512F2C311EB1DF350061FDB0 /* NSAttributedString+MRAttributedString.m */; };
		512F2C751EB1DF350061FDB0 /* NSString+MRString.m in Sources */ = {isa = PBXBuildFile; fileRef = 512F2C341EB1DF350061FDB0 /* NSString+MRString.m */; };
		512F2C761EB1DF350061FDB0 /* UIButton+MRButton.m in Sources */ = {isa = PBXBuildFile; fileRef = 512F2C371EB1DF350061FDB0 /* UIButton+MRButton.m */; };
		512F2C771EB1DF350061FDB0 /* UIColor+MRColor.m in Sources */ = {isa = PBXBuildFile; fileRef = 512F2C3A1EB1DF350061FDB0 /* UIColor+MRColor.m */; };
		512F2C781EB1DF350061FDB0 /* UIImageView+MRImageView.m in Sources */ = {isa = PBXBuildFile; fileRef = 512F2C3D1EB1DF350061FDB0 /* UIImageView+MRImageView.m */; };
		512F2C791EB1DF350061FDB0 /* UIScreen+MRScreen.m in Sources */ = {isa = PBXBuildFile; fileRef = 512F2C401EB1DF350061FDB0 /* UIScreen+MRScreen.m */; };
		512F2C7A1EB1DF350061FDB0 /* UIView+MRView.m in Sources */ = {isa = PBXBuildFile; fileRef = 512F2C431EB1DF350061FDB0 /* UIView+MRView.m */; };
		512F2C7B1EB1DF350061FDB0 /* MRCommonColorAndPicture.m in Sources */ = {isa = PBXBuildFile; fileRef = 512F2C471EB1DF350061FDB0 /* MRCommonColorAndPicture.m */; };
		512F2C7C1EB1DF350061FDB0 /* MRCommonOther.m in Sources */ = {isa = PBXBuildFile; fileRef = 512F2C491EB1DF350061FDB0 /* MRCommonOther.m */; };
		512F2C7D1EB1DF350061FDB0 /* MRCommonRuntime.m in Sources */ = {isa = PBXBuildFile; fileRef = 512F2C4B1EB1DF350061FDB0 /* MRCommonRuntime.m */; };
		512F2C7E1EB1DF350061FDB0 /* MRCommonString.m in Sources */ = {isa = PBXBuildFile; fileRef = 512F2C4D1EB1DF350061FDB0 /* MRCommonString.m */; };
		512F2C7F1EB1DF350061FDB0 /* MRCommonTime.m in Sources */ = {isa = PBXBuildFile; fileRef = 512F2C4F1EB1DF350061FDB0 /* MRCommonTime.m */; };
		512F2C801EB1DF350061FDB0 /* Reachability.m in Sources */ = {isa = PBXBuildFile; fileRef = 512F2C511EB1DF350061FDB0 /* Reachability.m */; };
		512F2C811EB1DF350061FDB0 /* MRButton.m in Sources */ = {isa = PBXBuildFile; fileRef = 512F2C551EB1DF350061FDB0 /* MRButton.m */; };
		512F2C821EB1DF350061FDB0 /* MRChangeView.m in Sources */ = {isa = PBXBuildFile; fileRef = 512F2C581EB1DF350061FDB0 /* MRChangeView.m */; };
		512F2C831EB1DF350061FDB0 /* down_img.png in Resources */ = {isa = PBXBuildFile; fileRef = 512F2C5A1EB1DF350061FDB0 /* down_img.png */; };
		512F2C841EB1DF350061FDB0 /* MRDropDownView.m in Sources */ = {isa = PBXBuildFile; fileRef = 512F2C5C1EB1DF350061FDB0 /* MRDropDownView.m */; };
		512F2C851EB1DF350061FDB0 /* seleted_right.png in Resources */ = {isa = PBXBuildFile; fileRef = 512F2C5D1EB1DF350061FDB0 /* seleted_right.png */; };
		512F2C861EB1DF350061FDB0 /* UIView+MRExtension.m in Sources */ = {isa = PBXBuildFile; fileRef = 512F2C5F1EB1DF350061FDB0 /* UIView+MRExtension.m */; };
		512F2C871EB1DF350061FDB0 /* up_img.png in Resources */ = {isa = PBXBuildFile; fileRef = 512F2C601EB1DF350061FDB0 /* up_img.png */; };
		512F2C881EB1DF350061FDB0 /* MRImageView.m in Sources */ = {isa = PBXBuildFile; fileRef = 512F2C631EB1DF350061FDB0 /* MRImageView.m */; };
		512F2C891EB1DF350061FDB0 /* MRInputBoxView.m in Sources */ = {isa = PBXBuildFile; fileRef = 512F2C661EB1DF350061FDB0 /* MRInputBoxView.m */; };
		512F2C8A1EB1DF350061FDB0 /* MRListDownView.m in Sources */ = {isa = PBXBuildFile; fileRef = 512F2C691EB1DF350061FDB0 /* MRListDownView.m */; };
		512F2C8B1EB1DF350061FDB0 /* sharp_List.png in Resources */ = {isa = PBXBuildFile; fileRef = 512F2C6A1EB1DF350061FDB0 /* sharp_List.png */; };
		512F2C8C1EB1DF350061FDB0 /* MRSingleSwitch.m in Sources */ = {isa = PBXBuildFile; fileRef = 512F2C6D1EB1DF350061FDB0 /* MRSingleSwitch.m */; };
		512F2C8D1EB1DF350061FDB0 /* MRSingleSwitch_未选中.png in Resources */ = {isa = PBXBuildFile; fileRef = 512F2C6E1EB1DF350061FDB0 /* MRSingleSwitch_未选中.png */; };
		512F2C8E1EB1DF350061FDB0 /* MRSingleSwitch_选中.png in Resources */ = {isa = PBXBuildFile; fileRef = 512F2C6F1EB1DF350061FDB0 /* MRSingleSwitch_选中.png */; };
		512F2C8F1EB1DF350061FDB0 /* MRTextField.m in Sources */ = {isa = PBXBuildFile; fileRef = 512F2C721EB1DF350061FDB0 /* MRTextField.m */; };
/* End PBXBuildFile section */

/* Begin PBXContainerItemProxy section */
		512F2BA81EB1DC2F0061FDB0 /* PBXContainerItemProxy */ = {
			isa = PBXContainerItemProxy;
			containerPortal = 512F2B861EB1DC2E0061FDB0 /* Project object */;
			proxyType = 1;
			remoteGlobalIDString = 512F2B8D1EB1DC2F0061FDB0;
			remoteInfo = MRChangeViewDemo;
		};
		512F2BB31EB1DC2F0061FDB0 /* PBXContainerItemProxy */ = {
			isa = PBXContainerItemProxy;
			containerPortal = 512F2B861EB1DC2E0061FDB0 /* Project object */;
			proxyType = 1;
			remoteGlobalIDString = 512F2B8D1EB1DC2F0061FDB0;
			remoteInfo = MRChangeViewDemo;
		};
/* End PBXContainerItemProxy section */

/* Begin PBXFileReference section */
		512F2B8E1EB1DC2F0061FDB0 /* MRChangeViewDemo.app */ = {isa = PBXFileReference; explicitFileType = wrapper.application; includeInIndex = 0; path = MRChangeViewDemo.app; sourceTree = BUILT_PRODUCTS_DIR; };
		512F2B921EB1DC2F0061FDB0 /* main.m */ = {isa = PBXFileReference; lastKnownFileType = sourcecode.c.objc; path = main.m; sourceTree = "<group>"; };
		512F2B941EB1DC2F0061FDB0 /* AppDelegate.h */ = {isa = PBXFileReference; lastKnownFileType = sourcecode.c.h; path = AppDelegate.h; sourceTree = "<group>"; };
		512F2B951EB1DC2F0061FDB0 /* AppDelegate.m */ = {isa = PBXFileReference; lastKnownFileType = sourcecode.c.objc; path = AppDelegate.m; sourceTree = "<group>"; };
		512F2B971EB1DC2F0061FDB0 /* ViewController.h */ = {isa = PBXFileReference; lastKnownFileType = sourcecode.c.h; path = ViewController.h; sourceTree = "<group>"; };
		512F2B981EB1DC2F0061FDB0 /* ViewController.m */ = {isa = PBXFileReference; lastKnownFileType = sourcecode.c.objc; path = ViewController.m; sourceTree = "<group>"; };
		512F2B9B1EB1DC2F0061FDB0 /* Base */ = {isa = PBXFileReference; lastKnownFileType = file.storyboard; name = Base; path = Base.lproj/Main.storyboard; sourceTree = "<group>"; };
		512F2B9D1EB1DC2F0061FDB0 /* Assets.xcassets */ = {isa = PBXFileReference; lastKnownFileType = folder.assetcatalog; path = Assets.xcassets; sourceTree = "<group>"; };
		512F2BA01EB1DC2F0061FDB0 /* Base */ = {isa = PBXFileReference; lastKnownFileType = file.storyboard; name = Base; path = Base.lproj/LaunchScreen.storyboard; sourceTree = "<group>"; };
		512F2BA21EB1DC2F0061FDB0 /* Info.plist */ = {isa = PBXFileReference; lastKnownFileType = text.plist.xml; path = Info.plist; sourceTree = "<group>"; };
		512F2BA71EB1DC2F0061FDB0 /* MRChangeViewDemoTests.xctest */ = {isa = PBXFileReference; explicitFileType = wrapper.cfbundle; includeInIndex = 0; path = MRChangeViewDemoTests.xctest; sourceTree = BUILT_PRODUCTS_DIR; };
		512F2BAB1EB1DC2F0061FDB0 /* MRChangeViewDemoTests.m */ = {isa = PBXFileReference; lastKnownFileType = sourcecode.c.objc; path = MRChangeViewDemoTests.m; sourceTree = "<group>"; };
		512F2BAD1EB1DC2F0061FDB0 /* Info.plist */ = {isa = PBXFileReference; lastKnownFileType = text.plist.xml; path = Info.plist; sourceTree = "<group>"; };
		512F2BB21EB1DC2F0061FDB0 /* MRChangeViewDemoUITests.xctest */ = {isa = PBXFileReference; explicitFileType = wrapper.cfbundle; includeInIndex = 0; path = MRChangeViewDemoUITests.xctest; sourceTree = BUILT_PRODUCTS_DIR; };
		512F2BB61EB1DC2F0061FDB0 /* MRChangeViewDemoUITests.m */ = {isa = PBXFileReference; lastKnownFileType = sourcecode.c.objc; path = MRChangeViewDemoUITests.m; sourceTree = "<group>"; };
		512F2BB81EB1DC2F0061FDB0 /* Info.plist */ = {isa = PBXFileReference; lastKnownFileType = text.plist.xml; path = Info.plist; sourceTree = "<group>"; };
		512F2C2D1EB1DF350061FDB0 /* NSArray+MRLog.h */ = {isa = PBXFileReference; fileEncoding = 4; lastKnownFileType = sourcecode.c.h; path = "NSArray+MRLog.h"; sourceTree = "<group>"; };
		512F2C2E1EB1DF350061FDB0 /* NSArray+MRLog.m */ = {isa = PBXFileReference; fileEncoding = 4; lastKnownFileType = sourcecode.c.objc; path = "NSArray+MRLog.m"; sourceTree = "<group>"; };
		512F2C301EB1DF350061FDB0 /* NSAttributedString+MRAttributedString.h */ = {isa = PBXFileReference; fileEncoding = 4; lastKnownFileType = sourcecode.c.h; path = "NSAttributedString+MRAttributedString.h"; sourceTree = "<group>"; };
		512F2C311EB1DF350061FDB0 /* NSAttributedString+MRAttributedString.m */ = {isa = PBXFileReference; fileEncoding = 4; lastKnownFileType = sourcecode.c.objc; path = "NSAttributedString+MRAttributedString.m"; sourceTree = "<group>"; };
		512F2C331EB1DF350061FDB0 /* NSString+MRString.h */ = {isa = PBXFileReference; fileEncoding = 4; lastKnownFileType = sourcecode.c.h; path = "NSString+MRString.h"; sourceTree = "<group>"; };
		512F2C341EB1DF350061FDB0 /* NSString+MRString.m */ = {isa = PBXFileReference; fileEncoding = 4; lastKnownFileType = sourcecode.c.objc; path = "NSString+MRString.m"; sourceTree = "<group>"; };
		512F2C361EB1DF350061FDB0 /* UIButton+MRButton.h */ = {isa = PBXFileReference; fileEncoding = 4; lastKnownFileType = sourcecode.c.h; path = "UIButton+MRButton.h"; sourceTree = "<group>"; };
		512F2C371EB1DF350061FDB0 /* UIButton+MRButton.m */ = {isa = PBXFileReference; fileEncoding = 4; lastKnownFileType = sourcecode.c.objc; path = "UIButton+MRButton.m"; sourceTree = "<group>"; };
		512F2C391EB1DF350061FDB0 /* UIColor+MRColor.h */ = {isa = PBXFileReference; fileEncoding = 4; lastKnownFileType = sourcecode.c.h; path = "UIColor+MRColor.h"; sourceTree = "<group>"; };
		512F2C3A1EB1DF350061FDB0 /* UIColor+MRColor.m */ = {isa = PBXFileReference; fileEncoding = 4; lastKnownFileType = sourcecode.c.objc; path = "UIColor+MRColor.m"; sourceTree = "<group>"; };
		512F2C3C1EB1DF350061FDB0 /* UIImageView+MRImageView.h */ = {isa = PBXFileReference; fileEncoding = 4; lastKnownFileType = sourcecode.c.h; path = "UIImageView+MRImageView.h"; sourceTree = "<group>"; };
		512F2C3D1EB1DF350061FDB0 /* UIImageView+MRImageView.m */ = {isa = PBXFileReference; fileEncoding = 4; lastKnownFileType = sourcecode.c.objc; path = "UIImageView+MRImageView.m"; sourceTree = "<group>"; };
		512F2C3F1EB1DF350061FDB0 /* UIScreen+MRScreen.h */ = {isa = PBXFileReference; fileEncoding = 4; lastKnownFileType = sourcecode.c.h; path = "UIScreen+MRScreen.h"; sourceTree = "<group>"; };
		512F2C401EB1DF350061FDB0 /* UIScreen+MRScreen.m */ = {isa = PBXFileReference; fileEncoding = 4; lastKnownFileType = sourcecode.c.objc; path = "UIScreen+MRScreen.m"; sourceTree = "<group>"; };
		512F2C421EB1DF350061FDB0 /* UIView+MRView.h */ = {isa = PBXFileReference; fileEncoding = 4; lastKnownFileType = sourcecode.c.h; path = "UIView+MRView.h"; sourceTree = "<group>"; };
		512F2C431EB1DF350061FDB0 /* UIView+MRView.m */ = {isa = PBXFileReference; fileEncoding = 4; lastKnownFileType = sourcecode.c.objc; path = "UIView+MRView.m"; sourceTree = "<group>"; };
		512F2C441EB1DF350061FDB0 /* MRCommon.h */ = {isa = PBXFileReference; fileEncoding = 4; lastKnownFileType = sourcecode.c.h; path = MRCommon.h; sourceTree = "<group>"; };
		512F2C461EB1DF350061FDB0 /* MRCommonColorAndPicture.h */ = {isa = PBXFileReference; fileEncoding = 4; lastKnownFileType = sourcecode.c.h; path = MRCommonColorAndPicture.h; sourceTree = "<group>"; };
		512F2C471EB1DF350061FDB0 /* MRCommonColorAndPicture.m */ = {isa = PBXFileReference; fileEncoding = 4; lastKnownFileType = sourcecode.c.objc; path = MRCommonColorAndPicture.m; sourceTree = "<group>"; };
		512F2C481EB1DF350061FDB0 /* MRCommonOther.h */ = {isa = PBXFileReference; fileEncoding = 4; lastKnownFileType = sourcecode.c.h; path = MRCommonOther.h; sourceTree = "<group>"; };
		512F2C491EB1DF350061FDB0 /* MRCommonOther.m */ = {isa = PBXFileReference; fileEncoding = 4; lastKnownFileType = sourcecode.c.objc; path = MRCommonOther.m; sourceTree = "<group>"; };
		512F2C4A1EB1DF350061FDB0 /* MRCommonRuntime.h */ = {isa = PBXFileReference; fileEncoding = 4; lastKnownFileType = sourcecode.c.h; path = MRCommonRuntime.h; sourceTree = "<group>"; };
		512F2C4B1EB1DF350061FDB0 /* MRCommonRuntime.m */ = {isa = PBXFileReference; fileEncoding = 4; lastKnownFileType = sourcecode.c.objc; path = MRCommonRuntime.m; sourceTree = "<group>"; };
		512F2C4C1EB1DF350061FDB0 /* MRCommonString.h */ = {isa = PBXFileReference; fileEncoding = 4; lastKnownFileType = sourcecode.c.h; path = MRCommonString.h; sourceTree = "<group>"; };
		512F2C4D1EB1DF350061FDB0 /* MRCommonString.m */ = {isa = PBXFileReference; fileEncoding = 4; lastKnownFileType = sourcecode.c.objc; path = MRCommonString.m; sourceTree = "<group>"; };
		512F2C4E1EB1DF350061FDB0 /* MRCommonTime.h */ = {isa = PBXFileReference; fileEncoding = 4; lastKnownFileType = sourcecode.c.h; path = MRCommonTime.h; sourceTree = "<group>"; };
		512F2C4F1EB1DF350061FDB0 /* MRCommonTime.m */ = {isa = PBXFileReference; fileEncoding = 4; lastKnownFileType = sourcecode.c.objc; path = MRCommonTime.m; sourceTree = "<group>"; };
		512F2C501EB1DF350061FDB0 /* Reachability.h */ = {isa = PBXFileReference; fileEncoding = 4; lastKnownFileType = sourcecode.c.h; path = Reachability.h; sourceTree = "<group>"; };
		512F2C511EB1DF350061FDB0 /* Reachability.m */ = {isa = PBXFileReference; fileEncoding = 4; lastKnownFileType = sourcecode.c.objc; path = Reachability.m; sourceTree = "<group>"; };
		512F2C541EB1DF350061FDB0 /* MRButton.h */ = {isa = PBXFileReference; fileEncoding = 4; lastKnownFileType = sourcecode.c.h; path = MRButton.h; sourceTree = "<group>"; };
		512F2C551EB1DF350061FDB0 /* MRButton.m */ = {isa = PBXFileReference; fileEncoding = 4; lastKnownFileType = sourcecode.c.objc; path = MRButton.m; sourceTree = "<group>"; };
		512F2C571EB1DF350061FDB0 /* MRChangeView.h */ = {isa = PBXFileReference; fileEncoding = 4; lastKnownFileType = sourcecode.c.h; path = MRChangeView.h; sourceTree = "<group>"; };
		512F2C581EB1DF350061FDB0 /* MRChangeView.m */ = {isa = PBXFileReference; fileEncoding = 4; lastKnownFileType = sourcecode.c.objc; path = MRChangeView.m; sourceTree = "<group>"; };
		512F2C5A1EB1DF350061FDB0 /* down_img.png */ = {isa = PBXFileReference; lastKnownFileType = image.png; path = down_img.png; sourceTree = "<group>"; };
		512F2C5B1EB1DF350061FDB0 /* MRDropDownView.h */ = {isa = PBXFileReference; fileEncoding = 4; lastKnownFileType = sourcecode.c.h; path = MRDropDownView.h; sourceTree = "<group>"; };
		512F2C5C1EB1DF350061FDB0 /* MRDropDownView.m */ = {isa = PBXFileReference; fileEncoding = 4; lastKnownFileType = sourcecode.c.objc; path = MRDropDownView.m; sourceTree = "<group>"; };
		512F2C5D1EB1DF350061FDB0 /* seleted_right.png */ = {isa = PBXFileReference; lastKnownFileType = image.png; path = seleted_right.png; sourceTree = "<group>"; };
		512F2C5E1EB1DF350061FDB0 /* UIView+MRExtension.h */ = {isa = PBXFileReference; fileEncoding = 4; lastKnownFileType = sourcecode.c.h; path = "UIView+MRExtension.h"; sourceTree = "<group>"; };
		512F2C5F1EB1DF350061FDB0 /* UIView+MRExtension.m */ = {isa = PBXFileReference; fileEncoding = 4; lastKnownFileType = sourcecode.c.objc; path = "UIView+MRExtension.m"; sourceTree = "<group>"; };
		512F2C601EB1DF350061FDB0 /* up_img.png */ = {isa = PBXFileReference; lastKnownFileType = image.png; path = up_img.png; sourceTree = "<group>"; };
		512F2C621EB1DF350061FDB0 /* MRImageView.h */ = {isa = PBXFileReference; fileEncoding = 4; lastKnownFileType = sourcecode.c.h; path = MRImageView.h; sourceTree = "<group>"; };
		512F2C631EB1DF350061FDB0 /* MRImageView.m */ = {isa = PBXFileReference; fileEncoding = 4; lastKnownFileType = sourcecode.c.objc; path = MRImageView.m; sourceTree = "<group>"; };
		512F2C651EB1DF350061FDB0 /* MRInputBoxView.h */ = {isa = PBXFileReference; fileEncoding = 4; lastKnownFileType = sourcecode.c.h; path = MRInputBoxView.h; sourceTree = "<group>"; };
		512F2C661EB1DF350061FDB0 /* MRInputBoxView.m */ = {isa = PBXFileReference; fileEncoding = 4; lastKnownFileType = sourcecode.c.objc; path = MRInputBoxView.m; sourceTree = "<group>"; };
		512F2C681EB1DF350061FDB0 /* MRListDownView.h */ = {isa = PBXFileReference; fileEncoding = 4; lastKnownFileType = sourcecode.c.h; path = MRListDownView.h; sourceTree = "<group>"; };
		512F2C691EB1DF350061FDB0 /* MRListDownView.m */ = {isa = PBXFileReference; fileEncoding = 4; lastKnownFileType = sourcecode.c.objc; path = MRListDownView.m; sourceTree = "<group>"; };
		512F2C6A1EB1DF350061FDB0 /* sharp_List.png */ = {isa = PBXFileReference; lastKnownFileType = image.png; path = sharp_List.png; sourceTree = "<group>"; };
		512F2C6C1EB1DF350061FDB0 /* MRSingleSwitch.h */ = {isa = PBXFileReference; fileEncoding = 4; lastKnownFileType = sourcecode.c.h; path = MRSingleSwitch.h; sourceTree = "<group>"; };
		512F2C6D1EB1DF350061FDB0 /* MRSingleSwitch.m */ = {isa = PBXFileReference; fileEncoding = 4; lastKnownFileType = sourcecode.c.objc; path = MRSingleSwitch.m; sourceTree = "<group>"; };
		512F2C6E1EB1DF350061FDB0 /* MRSingleSwitch_未选中.png */ = {isa = PBXFileReference; lastKnownFileType = image.png; path = "MRSingleSwitch_未选中.png"; sourceTree = "<group>"; };
		512F2C6F1EB1DF350061FDB0 /* MRSingleSwitch_选中.png */ = {isa = PBXFileReference; lastKnownFileType = image.png; path = "MRSingleSwitch_选中.png"; sourceTree = "<group>"; };
		512F2C711EB1DF350061FDB0 /* MRTextField.h */ = {isa = PBXFileReference; fileEncoding = 4; lastKnownFileType = sourcecode.c.h; path = MRTextField.h; sourceTree = "<group>"; };
		512F2C721EB1DF350061FDB0 /* MRTextField.m */ = {isa = PBXFileReference; fileEncoding = 4; lastKnownFileType = sourcecode.c.objc; path = MRTextField.m; sourceTree = "<group>"; };
/* End PBXFileReference section */

/* Begin PBXFrameworksBuildPhase section */
		512F2B8B1EB1DC2F0061FDB0 /* Frameworks */ = {
			isa = PBXFrameworksBuildPhase;
			buildActionMask = 2147483647;
			files = (
			);
			runOnlyForDeploymentPostprocessing = 0;
		};
		512F2BA41EB1DC2F0061FDB0 /* Frameworks */ = {
			isa = PBXFrameworksBuildPhase;
			buildActionMask = 2147483647;
			files = (
			);
			runOnlyForDeploymentPostprocessing = 0;
		};
		512F2BAF1EB1DC2F0061FDB0 /* Frameworks */ = {
			isa = PBXFrameworksBuildPhase;
			buildActionMask = 2147483647;
			files = (
			);
			runOnlyForDeploymentPostprocessing = 0;
		};
/* End PBXFrameworksBuildPhase section */

/* Begin PBXGroup section */
		512F2B851EB1DC2E0061FDB0 = {
			isa = PBXGroup;
			children = (
				512F2B901EB1DC2F0061FDB0 /* MRChangeViewDemo */,
				512F2BAA1EB1DC2F0061FDB0 /* MRChangeViewDemoTests */,
				512F2BB51EB1DC2F0061FDB0 /* MRChangeViewDemoUITests */,
				512F2B8F1EB1DC2F0061FDB0 /* Products */,
			);
			sourceTree = "<group>";
		};
		512F2B8F1EB1DC2F0061FDB0 /* Products */ = {
			isa = PBXGroup;
			children = (
				512F2B8E1EB1DC2F0061FDB0 /* MRChangeViewDemo.app */,
				512F2BA71EB1DC2F0061FDB0 /* MRChangeViewDemoTests.xctest */,
				512F2BB21EB1DC2F0061FDB0 /* MRChangeViewDemoUITests.xctest */,
			);
			name = Products;
			sourceTree = "<group>";
		};
		512F2B901EB1DC2F0061FDB0 /* MRChangeViewDemo */ = {
			isa = PBXGroup;
			children = (
				512F2C2A1EB1DF350061FDB0 /* MRCommon */,
				512F2B941EB1DC2F0061FDB0 /* AppDelegate.h */,
				512F2B951EB1DC2F0061FDB0 /* AppDelegate.m */,
				512F2B971EB1DC2F0061FDB0 /* ViewController.h */,
				512F2B981EB1DC2F0061FDB0 /* ViewController.m */,
				512F2B9A1EB1DC2F0061FDB0 /* Main.storyboard */,
				512F2B9D1EB1DC2F0061FDB0 /* Assets.xcassets */,
				512F2B9F1EB1DC2F0061FDB0 /* LaunchScreen.storyboard */,
				512F2BA21EB1DC2F0061FDB0 /* Info.plist */,
				512F2B911EB1DC2F0061FDB0 /* Supporting Files */,
			);
			path = MRChangeViewDemo;
			sourceTree = "<group>";
		};
		512F2B911EB1DC2F0061FDB0 /* Supporting Files */ = {
			isa = PBXGroup;
			children = (
				512F2B921EB1DC2F0061FDB0 /* main.m */,
			);
			name = "Supporting Files";
			sourceTree = "<group>";
		};
		512F2BAA1EB1DC2F0061FDB0 /* MRChangeViewDemoTests */ = {
			isa = PBXGroup;
			children = (
				512F2BAB1EB1DC2F0061FDB0 /* MRChangeViewDemoTests.m */,
				512F2BAD1EB1DC2F0061FDB0 /* Info.plist */,
			);
			path = MRChangeViewDemoTests;
			sourceTree = "<group>";
		};
		512F2BB51EB1DC2F0061FDB0 /* MRChangeViewDemoUITests */ = {
			isa = PBXGroup;
			children = (
				512F2BB61EB1DC2F0061FDB0 /* MRChangeViewDemoUITests.m */,
				512F2BB81EB1DC2F0061FDB0 /* Info.plist */,
			);
			path = MRChangeViewDemoUITests;
			sourceTree = "<group>";
		};
		512F2C2A1EB1DF350061FDB0 /* MRCommon */ = {
			isa = PBXGroup;
			children = (
				512F2C2B1EB1DF350061FDB0 /* MRCategory */,
				512F2C441EB1DF350061FDB0 /* MRCommon.h */,
				512F2C451EB1DF350061FDB0 /* MRCommonPackaging */,
				512F2C521EB1DF350061FDB0 /* MRView */,
			);
			path = MRCommon;
			sourceTree = "<group>";
		};
		512F2C2B1EB1DF350061FDB0 /* MRCategory */ = {
			isa = PBXGroup;
			children = (
				512F2C2C1EB1DF350061FDB0 /* NSArray */,
				512F2C2F1EB1DF350061FDB0 /* NSAttributedString */,
				512F2C321EB1DF350061FDB0 /* NSString */,
				512F2C351EB1DF350061FDB0 /* UIButton */,
				512F2C381EB1DF350061FDB0 /* UIColor */,
				512F2C3B1EB1DF350061FDB0 /* UIImageView */,
				512F2C3E1EB1DF350061FDB0 /* UIScreen */,
				512F2C411EB1DF350061FDB0 /* UIView */,
			);
			path = MRCategory;
			sourceTree = "<group>";
		};
		512F2C2C1EB1DF350061FDB0 /* NSArray */ = {
			isa = PBXGroup;
			children = (
				512F2C2D1EB1DF350061FDB0 /* NSArray+MRLog.h */,
				512F2C2E1EB1DF350061FDB0 /* NSArray+MRLog.m */,
			);
			path = NSArray;
			sourceTree = "<group>";
		};
		512F2C2F1EB1DF350061FDB0 /* NSAttributedString */ = {
			isa = PBXGroup;
			children = (
				512F2C301EB1DF350061FDB0 /* NSAttributedString+MRAttributedString.h */,
				512F2C311EB1DF350061FDB0 /* NSAttributedString+MRAttributedString.m */,
			);
			path = NSAttributedString;
			sourceTree = "<group>";
		};
		512F2C321EB1DF350061FDB0 /* NSString */ = {
			isa = PBXGroup;
			children = (
				512F2C331EB1DF350061FDB0 /* NSString+MRString.h */,
				512F2C341EB1DF350061FDB0 /* NSString+MRString.m */,
			);
			path = NSString;
			sourceTree = "<group>";
		};
		512F2C351EB1DF350061FDB0 /* UIButton */ = {
			isa = PBXGroup;
			children = (
				512F2C361EB1DF350061FDB0 /* UIButton+MRButton.h */,
				512F2C371EB1DF350061FDB0 /* UIButton+MRButton.m */,
			);
			path = UIButton;
			sourceTree = "<group>";
		};
		512F2C381EB1DF350061FDB0 /* UIColor */ = {
			isa = PBXGroup;
			children = (
				512F2C391EB1DF350061FDB0 /* UIColor+MRColor.h */,
				512F2C3A1EB1DF350061FDB0 /* UIColor+MRColor.m */,
			);
			path = UIColor;
			sourceTree = "<group>";
		};
		512F2C3B1EB1DF350061FDB0 /* UIImageView */ = {
			isa = PBXGroup;
			children = (
				512F2C3C1EB1DF350061FDB0 /* UIImageView+MRImageView.h */,
				512F2C3D1EB1DF350061FDB0 /* UIImageView+MRImageView.m */,
			);
			path = UIImageView;
			sourceTree = "<group>";
		};
		512F2C3E1EB1DF350061FDB0 /* UIScreen */ = {
			isa = PBXGroup;
			children = (
				512F2C3F1EB1DF350061FDB0 /* UIScreen+MRScreen.h */,
				512F2C401EB1DF350061FDB0 /* UIScreen+MRScreen.m */,
			);
			path = UIScreen;
			sourceTree = "<group>";
		};
		512F2C411EB1DF350061FDB0 /* UIView */ = {
			isa = PBXGroup;
			children = (
				512F2C421EB1DF350061FDB0 /* UIView+MRView.h */,
				512F2C431EB1DF350061FDB0 /* UIView+MRView.m */,
			);
			path = UIView;
			sourceTree = "<group>";
		};
		512F2C451EB1DF350061FDB0 /* MRCommonPackaging */ = {
			isa = PBXGroup;
			children = (
				512F2C461EB1DF350061FDB0 /* MRCommonColorAndPicture.h */,
				512F2C471EB1DF350061FDB0 /* MRCommonColorAndPicture.m */,
				512F2C481EB1DF350061FDB0 /* MRCommonOther.h */,
				512F2C491EB1DF350061FDB0 /* MRCommonOther.m */,
				512F2C4A1EB1DF350061FDB0 /* MRCommonRuntime.h */,
				512F2C4B1EB1DF350061FDB0 /* MRCommonRuntime.m */,
				512F2C4C1EB1DF350061FDB0 /* MRCommonString.h */,
				512F2C4D1EB1DF350061FDB0 /* MRCommonString.m */,
				512F2C4E1EB1DF350061FDB0 /* MRCommonTime.h */,
				512F2C4F1EB1DF350061FDB0 /* MRCommonTime.m */,
				512F2C501EB1DF350061FDB0 /* Reachability.h */,
				512F2C511EB1DF350061FDB0 /* Reachability.m */,
			);
			path = MRCommonPackaging;
			sourceTree = "<group>";
		};
		512F2C521EB1DF350061FDB0 /* MRView */ = {
			isa = PBXGroup;
			children = (
				512F2C531EB1DF350061FDB0 /* MRButton */,
				512F2C561EB1DF350061FDB0 /* MRChangeView */,
				512F2C591EB1DF350061FDB0 /* MRDropDownView */,
				512F2C611EB1DF350061FDB0 /* MRImageView */,
				512F2C641EB1DF350061FDB0 /* MRInputBoxView */,
				512F2C671EB1DF350061FDB0 /* MRListDownView */,
				512F2C6B1EB1DF350061FDB0 /* MRSingleSwitch */,
				512F2C701EB1DF350061FDB0 /* MRTextField */,
			);
			path = MRView;
			sourceTree = "<group>";
		};
		512F2C531EB1DF350061FDB0 /* MRButton */ = {
			isa = PBXGroup;
			children = (
				512F2C541EB1DF350061FDB0 /* MRButton.h */,
				512F2C551EB1DF350061FDB0 /* MRButton.m */,
			);
			path = MRButton;
			sourceTree = "<group>";
		};
		512F2C561EB1DF350061FDB0 /* MRChangeView */ = {
			isa = PBXGroup;
			children = (
				512F2C571EB1DF350061FDB0 /* MRChangeView.h */,
				512F2C581EB1DF350061FDB0 /* MRChangeView.m */,
			);
			path = MRChangeView;
			sourceTree = "<group>";
		};
		512F2C591EB1DF350061FDB0 /* MRDropDownView */ = {
			isa = PBXGroup;
			children = (
				512F2C5A1EB1DF350061FDB0 /* down_img.png */,
				512F2C5B1EB1DF350061FDB0 /* MRDropDownView.h */,
				512F2C5C1EB1DF350061FDB0 /* MRDropDownView.m */,
				512F2C5D1EB1DF350061FDB0 /* seleted_right.png */,
				512F2C5E1EB1DF350061FDB0 /* UIView+MRExtension.h */,
				512F2C5F1EB1DF350061FDB0 /* UIView+MRExtension.m */,
				512F2C601EB1DF350061FDB0 /* up_img.png */,
			);
			path = MRDropDownView;
			sourceTree = "<group>";
		};
		512F2C611EB1DF350061FDB0 /* MRImageView */ = {
			isa = PBXGroup;
			children = (
				512F2C621EB1DF350061FDB0 /* MRImageView.h */,
				512F2C631EB1DF350061FDB0 /* MRImageView.m */,
			);
			path = MRImageView;
			sourceTree = "<group>";
		};
		512F2C641EB1DF350061FDB0 /* MRInputBoxView */ = {
			isa = PBXGroup;
			children = (
				512F2C651EB1DF350061FDB0 /* MRInputBoxView.h */,
				512F2C661EB1DF350061FDB0 /* MRInputBoxView.m */,
			);
			path = MRInputBoxView;
			sourceTree = "<group>";
		};
		512F2C671EB1DF350061FDB0 /* MRListDownView */ = {
			isa = PBXGroup;
			children = (
				512F2C681EB1DF350061FDB0 /* MRListDownView.h */,
				512F2C691EB1DF350061FDB0 /* MRListDownView.m */,
				512F2C6A1EB1DF350061FDB0 /* sharp_List.png */,
			);
			path = MRListDownView;
			sourceTree = "<group>";
		};
		512F2C6B1EB1DF350061FDB0 /* MRSingleSwitch */ = {
			isa = PBXGroup;
			children = (
				512F2C6C1EB1DF350061FDB0 /* MRSingleSwitch.h */,
				512F2C6D1EB1DF350061FDB0 /* MRSingleSwitch.m */,
				512F2C6E1EB1DF350061FDB0 /* MRSingleSwitch_未选中.png */,
				512F2C6F1EB1DF350061FDB0 /* MRSingleSwitch_选中.png */,
			);
			path = MRSingleSwitch;
			sourceTree = "<group>";
		};
		512F2C701EB1DF350061FDB0 /* MRTextField */ = {
			isa = PBXGroup;
			children = (
				512F2C711EB1DF350061FDB0 /* MRTextField.h */,
				512F2C721EB1DF350061FDB0 /* MRTextField.m */,
			);
			path = MRTextField;
			sourceTree = "<group>";
		};
/* End PBXGroup section */

/* Begin PBXNativeTarget section */
		512F2B8D1EB1DC2F0061FDB0 /* MRChangeViewDemo */ = {
			isa = PBXNativeTarget;
			buildConfigurationList = 512F2BBB1EB1DC2F0061FDB0 /* Build configuration list for PBXNativeTarget "MRChangeViewDemo" */;
			buildPhases = (
				512F2B8A1EB1DC2F0061FDB0 /* Sources */,
				512F2B8B1EB1DC2F0061FDB0 /* Frameworks */,
				512F2B8C1EB1DC2F0061FDB0 /* Resources */,
			);
			buildRules = (
			);
			dependencies = (
			);
			name = MRChangeViewDemo;
			productName = MRChangeViewDemo;
			productReference = 512F2B8E1EB1DC2F0061FDB0 /* MRChangeViewDemo.app */;
			productType = "com.apple.product-type.application";
		};
		512F2BA61EB1DC2F0061FDB0 /* MRChangeViewDemoTests */ = {
			isa = PBXNativeTarget;
			buildConfigurationList = 512F2BBE1EB1DC2F0061FDB0 /* Build configuration list for PBXNativeTarget "MRChangeViewDemoTests" */;
			buildPhases = (
				512F2BA31EB1DC2F0061FDB0 /* Sources */,
				512F2BA41EB1DC2F0061FDB0 /* Frameworks */,
				512F2BA51EB1DC2F0061FDB0 /* Resources */,
			);
			buildRules = (
			);
			dependencies = (
				512F2BA91EB1DC2F0061FDB0 /* PBXTargetDependency */,
			);
			name = MRChangeViewDemoTests;
			productName = MRChangeViewDemoTests;
			productReference = 512F2BA71EB1DC2F0061FDB0 /* MRChangeViewDemoTests.xctest */;
			productType = "com.apple.product-type.bundle.unit-test";
		};
		512F2BB11EB1DC2F0061FDB0 /* MRChangeViewDemoUITests */ = {
			isa = PBXNativeTarget;
			buildConfigurationList = 512F2BC11EB1DC2F0061FDB0 /* Build configuration list for PBXNativeTarget "MRChangeViewDemoUITests" */;
			buildPhases = (
				512F2BAE1EB1DC2F0061FDB0 /* Sources */,
				512F2BAF1EB1DC2F0061FDB0 /* Frameworks */,
				512F2BB01EB1DC2F0061FDB0 /* Resources */,
			);
			buildRules = (
			);
			dependencies = (
				512F2BB41EB1DC2F0061FDB0 /* PBXTargetDependency */,
			);
			name = MRChangeViewDemoUITests;
			productName = MRChangeViewDemoUITests;
			productReference = 512F2BB21EB1DC2F0061FDB0 /* MRChangeViewDemoUITests.xctest */;
			productType = "com.apple.product-type.bundle.ui-testing";
		};
/* End PBXNativeTarget section */

/* Begin PBXProject section */
		512F2B861EB1DC2E0061FDB0 /* Project object */ = {
			isa = PBXProject;
			attributes = {
				LastUpgradeCheck = 0830;
				ORGANIZATIONNAME = lrz;
				TargetAttributes = {
					512F2B8D1EB1DC2F0061FDB0 = {
						CreatedOnToolsVersion = 8.3.1;
						DevelopmentTeam = HKPC7T96G7;
						ProvisioningStyle = Automatic;
					};
					512F2BA61EB1DC2F0061FDB0 = {
						CreatedOnToolsVersion = 8.3.1;
						DevelopmentTeam = B4A2AYAJR2;
						ProvisioningStyle = Automatic;
						TestTargetID = 512F2B8D1EB1DC2F0061FDB0;
					};
					512F2BB11EB1DC2F0061FDB0 = {
						CreatedOnToolsVersion = 8.3.1;
						DevelopmentTeam = B4A2AYAJR2;
						ProvisioningStyle = Automatic;
						TestTargetID = 512F2B8D1EB1DC2F0061FDB0;
					};
				};
			};
			buildConfigurationList = 512F2B891EB1DC2E0061FDB0 /* Build configuration list for PBXProject "MRChangeViewDemo" */;
			compatibilityVersion = "Xcode 3.2";
			developmentRegion = English;
			hasScannedForEncodings = 0;
			knownRegions = (
				en,
				Base,
			);
			mainGroup = 512F2B851EB1DC2E0061FDB0;
			productRefGroup = 512F2B8F1EB1DC2F0061FDB0 /* Products */;
			projectDirPath = "";
			projectRoot = "";
			targets = (
				512F2B8D1EB1DC2F0061FDB0 /* MRChangeViewDemo */,
				512F2BA61EB1DC2F0061FDB0 /* MRChangeViewDemoTests */,
				512F2BB11EB1DC2F0061FDB0 /* MRChangeViewDemoUITests */,
			);
		};
/* End PBXProject section */

/* Begin PBXResourcesBuildPhase section */
		512F2B8C1EB1DC2F0061FDB0 /* Resources */ = {
			isa = PBXResourcesBuildPhase;
			buildActionMask = 2147483647;
			files = (
				512F2C8E1EB1DF350061FDB0 /* MRSingleSwitch_选中.png in Resources */,
				512F2BA11EB1DC2F0061FDB0 /* LaunchScreen.storyboard in Resources */,
				512F2B9E1EB1DC2F0061FDB0 /* Assets.xcassets in Resources */,
				512F2B9C1EB1DC2F0061FDB0 /* Main.storyboard in Resources */,
				512F2C8D1EB1DF350061FDB0 /* MRSingleSwitch_未选中.png in Resources */,
				512F2C851EB1DF350061FDB0 /* seleted_right.png in Resources */,
				512F2C871EB1DF350061FDB0 /* up_img.png in Resources */,
				512F2C8B1EB1DF350061FDB0 /* sharp_List.png in Resources */,
				512F2C831EB1DF350061FDB0 /* down_img.png in Resources */,
			);
			runOnlyForDeploymentPostprocessing = 0;
		};
		512F2BA51EB1DC2F0061FDB0 /* Resources */ = {
			isa = PBXResourcesBuildPhase;
			buildActionMask = 2147483647;
			files = (
			);
			runOnlyForDeploymentPostprocessing = 0;
		};
		512F2BB01EB1DC2F0061FDB0 /* Resources */ = {
			isa = PBXResourcesBuildPhase;
			buildActionMask = 2147483647;
			files = (
			);
			runOnlyForDeploymentPostprocessing = 0;
		};
/* End PBXResourcesBuildPhase section */

/* Begin PBXSourcesBuildPhase section */
		512F2B8A1EB1DC2F0061FDB0 /* Sources */ = {
			isa = PBXSourcesBuildPhase;
			buildActionMask = 2147483647;
			files = (
				512F2C811EB1DF350061FDB0 /* MRButton.m in Sources */,
				512F2C7F1EB1DF350061FDB0 /* MRCommonTime.m in Sources */,
				512F2B991EB1DC2F0061FDB0 /* ViewController.m in Sources */,
				512F2B961EB1DC2F0061FDB0 /* AppDelegate.m in Sources */,
				512F2C7E1EB1DF350061FDB0 /* MRCommonString.m in Sources */,
				512F2C7D1EB1DF350061FDB0 /* MRCommonRuntime.m in Sources */,
				512F2C7B1EB1DF350061FDB0 /* MRCommonColorAndPicture.m in Sources */,
				512F2C771EB1DF350061FDB0 /* UIColor+MRColor.m in Sources */,
				512F2C8F1EB1DF350061FDB0 /* MRTextField.m in Sources */,
				512F2C781EB1DF350061FDB0 /* UIImageView+MRImageView.m in Sources */,
				512F2C8A1EB1DF350061FDB0 /* MRListDownView.m in Sources */,
				512F2C821EB1DF350061FDB0 /* MRChangeView.m in Sources */,
				512F2C791EB1DF350061FDB0 /* UIScreen+MRScreen.m in Sources */,
				512F2C881EB1DF350061FDB0 /* MRImageView.m in Sources */,
				512F2C7A1EB1DF350061FDB0 /* UIView+MRView.m in Sources */,
				512F2C891EB1DF350061FDB0 /* MRInputBoxView.m in Sources */,
				512F2C731EB1DF350061FDB0 /* NSArray+MRLog.m in Sources */,
				512F2C761EB1DF350061FDB0 /* UIButton+MRButton.m in Sources */,
				512F2C751EB1DF350061FDB0 /* NSString+MRString.m in Sources */,
				512F2C861EB1DF350061FDB0 /* UIView+MRExtension.m in Sources */,
				512F2C7C1EB1DF350061FDB0 /* MRCommonOther.m in Sources */,
				512F2B931EB1DC2F0061FDB0 /* main.m in Sources */,
				512F2C8C1EB1DF350061FDB0 /* MRSingleSwitch.m in Sources */,
				512F2C741EB1DF350061FDB0 /* NSAttributedString+MRAttributedString.m in Sources */,
				512F2C841EB1DF350061FDB0 /* MRDropDownView.m in Sources */,
				512F2C801EB1DF350061FDB0 /* Reachability.m in Sources */,
			);
			runOnlyForDeploymentPostprocessing = 0;
		};
		512F2BA31EB1DC2F0061FDB0 /* Sources */ = {
			isa = PBXSourcesBuildPhase;
			buildActionMask = 2147483647;
			files = (
				512F2BAC1EB1DC2F0061FDB0 /* MRChangeViewDemoTests.m in Sources */,
			);
			runOnlyForDeploymentPostprocessing = 0;
		};
		512F2BAE1EB1DC2F0061FDB0 /* Sources */ = {
			isa = PBXSourcesBuildPhase;
			buildActionMask = 2147483647;
			files = (
				512F2BB71EB1DC2F0061FDB0 /* MRChangeViewDemoUITests.m in Sources */,
			);
			runOnlyForDeploymentPostprocessing = 0;
		};
/* End PBXSourcesBuildPhase section */

/* Begin PBXTargetDependency section */
		512F2BA91EB1DC2F0061FDB0 /* PBXTargetDependency */ = {
			isa = PBXTargetDependency;
			target = 512F2B8D1EB1DC2F0061FDB0 /* MRChangeViewDemo */;
			targetProxy = 512F2BA81EB1DC2F0061FDB0 /* PBXContainerItemProxy */;
		};
		512F2BB41EB1DC2F0061FDB0 /* PBXTargetDependency */ = {
			isa = PBXTargetDependency;
			target = 512F2B8D1EB1DC2F0061FDB0 /* MRChangeViewDemo */;
			targetProxy = 512F2BB31EB1DC2F0061FDB0 /* PBXContainerItemProxy */;
		};
/* End PBXTargetDependency section */

/* Begin PBXVariantGroup section */
		512F2B9A1EB1DC2F0061FDB0 /* Main.storyboard */ = {
			isa = PBXVariantGroup;
			children = (
				512F2B9B1EB1DC2F0061FDB0 /* Base */,
			);
			name = Main.storyboard;
			sourceTree = "<group>";
		};
		512F2B9F1EB1DC2F0061FDB0 /* LaunchScreen.storyboard */ = {
			isa = PBXVariantGroup;
			children = (
				512F2BA01EB1DC2F0061FDB0 /* Base */,
			);
			name = LaunchScreen.storyboard;
			sourceTree = "<group>";
		};
/* End PBXVariantGroup section */

/* Begin XCBuildConfiguration section */
		512F2BB91EB1DC2F0061FDB0 /* Debug */ = {
			isa = XCBuildConfiguration;
			buildSettings = {
				ALWAYS_SEARCH_USER_PATHS = NO;
				CLANG_ANALYZER_NONNULL = YES;
				CLANG_ANALYZER_NUMBER_OBJECT_CONVERSION = YES_AGGRESSIVE;
				CLANG_CXX_LANGUAGE_STANDARD = "gnu++0x";
				CLANG_CXX_LIBRARY = "libc++";
				CLANG_ENABLE_MODULES = YES;
				CLANG_ENABLE_OBJC_ARC = YES;
				CLANG_WARN_BOOL_CONVERSION = YES;
				CLANG_WARN_CONSTANT_CONVERSION = YES;
				CLANG_WARN_DIRECT_OBJC_ISA_USAGE = YES_ERROR;
				CLANG_WARN_DOCUMENTATION_COMMENTS = YES;
				CLANG_WARN_EMPTY_BODY = YES;
				CLANG_WARN_ENUM_CONVERSION = YES;
				CLANG_WARN_INFINITE_RECURSION = YES;
				CLANG_WARN_INT_CONVERSION = YES;
				CLANG_WARN_OBJC_ROOT_CLASS = YES_ERROR;
				CLANG_WARN_SUSPICIOUS_MOVE = YES;
				CLANG_WARN_UNREACHABLE_CODE = YES;
				CLANG_WARN__DUPLICATE_METHOD_MATCH = YES;
				"CODE_SIGN_IDENTITY[sdk=iphoneos*]" = "iPhone Developer";
				COPY_PHASE_STRIP = NO;
				DEBUG_INFORMATION_FORMAT = dwarf;
				ENABLE_STRICT_OBJC_MSGSEND = YES;
				ENABLE_TESTABILITY = YES;
				GCC_C_LANGUAGE_STANDARD = gnu99;
				GCC_DYNAMIC_NO_PIC = NO;
				GCC_NO_COMMON_BLOCKS = YES;
				GCC_OPTIMIZATION_LEVEL = 0;
				GCC_PREPROCESSOR_DEFINITIONS = (
					"DEBUG=1",
					"$(inherited)",
				);
				GCC_WARN_64_TO_32_BIT_CONVERSION = YES;
				GCC_WARN_ABOUT_RETURN_TYPE = YES_ERROR;
				GCC_WARN_UNDECLARED_SELECTOR = YES;
				GCC_WARN_UNINITIALIZED_AUTOS = YES_AGGRESSIVE;
				GCC_WARN_UNUSED_FUNCTION = YES;
				GCC_WARN_UNUSED_VARIABLE = YES;
				IPHONEOS_DEPLOYMENT_TARGET = 10.3;
				MTL_ENABLE_DEBUG_INFO = YES;
				ONLY_ACTIVE_ARCH = YES;
				SDKROOT = iphoneos;
			};
			name = Debug;
		};
		512F2BBA1EB1DC2F0061FDB0 /* Release */ = {
			isa = XCBuildConfiguration;
			buildSettings = {
				ALWAYS_SEARCH_USER_PATHS = NO;
				CLANG_ANALYZER_NONNULL = YES;
				CLANG_ANALYZER_NUMBER_OBJECT_CONVERSION = YES_AGGRESSIVE;
				CLANG_CXX_LANGUAGE_STANDARD = "gnu++0x";
				CLANG_CXX_LIBRARY = "libc++";
				CLANG_ENABLE_MODULES = YES;
				CLANG_ENABLE_OBJC_ARC = YES;
				CLANG_WARN_BOOL_CONVERSION = YES;
				CLANG_WARN_CONSTANT_CONVERSION = YES;
				CLANG_WARN_DIRECT_OBJC_ISA_USAGE = YES_ERROR;
				CLANG_WARN_DOCUMENTATION_COMMENTS = YES;
				CLANG_WARN_EMPTY_BODY = YES;
				CLANG_WARN_ENUM_CONVERSION = YES;
				CLANG_WARN_INFINITE_RECURSION = YES;
				CLANG_WARN_INT_CONVERSION = YES;
				CLANG_WARN_OBJC_ROOT_CLASS = YES_ERROR;
				CLANG_WARN_SUSPICIOUS_MOVE = YES;
				CLANG_WARN_UNREACHABLE_CODE = YES;
				CLANG_WARN__DUPLICATE_METHOD_MATCH = YES;
				"CODE_SIGN_IDENTITY[sdk=iphoneos*]" = "iPhone Developer";
				COPY_PHASE_STRIP = NO;
				DEBUG_INFORMATION_FORMAT = "dwarf-with-dsym";
				ENABLE_NS_ASSERTIONS = NO;
				ENABLE_STRICT_OBJC_MSGSEND = YES;
				GCC_C_LANGUAGE_STANDARD = gnu99;
				GCC_NO_COMMON_BLOCKS = YES;
				GCC_WARN_64_TO_32_BIT_CONVERSION = YES;
				GCC_WARN_ABOUT_RETURN_TYPE = YES_ERROR;
				GCC_WARN_UNDECLARED_SELECTOR = YES;
				GCC_WARN_UNINITIALIZED_AUTOS = YES_AGGRESSIVE;
				GCC_WARN_UNUSED_FUNCTION = YES;
				GCC_WARN_UNUSED_VARIABLE = YES;
				IPHONEOS_DEPLOYMENT_TARGET = 10.3;
				MTL_ENABLE_DEBUG_INFO = NO;
				SDKROOT = iphoneos;
				VALIDATE_PRODUCT = YES;
			};
			name = Release;
		};
		512F2BBC1EB1DC2F0061FDB0 /* Debug */ = {
			isa = XCBuildConfiguration;
			buildSettings = {
				ASSETCATALOG_COMPILER_APPICON_NAME = AppIcon;
				DEVELOPMENT_TEAM = HKPC7T96G7;
				INFOPLIST_FILE = MRChangeViewDemo/Info.plist;
				LD_RUNPATH_SEARCH_PATHS = "$(inherited) @executable_path/Frameworks";
				PRODUCT_BUNDLE_IDENTIFIER = tech.dreamgo.MRChangeViewDemo;
				PRODUCT_NAME = "$(TARGET_NAME)";
			};
			name = Debug;
		};
		512F2BBD1EB1DC2F0061FDB0 /* Release */ = {
			isa = XCBuildConfiguration;
			buildSettings = {
				ASSETCATALOG_COMPILER_APPICON_NAME = AppIcon;
				DEVELOPMENT_TEAM = HKPC7T96G7;
				INFOPLIST_FILE = MRChangeViewDemo/Info.plist;
				LD_RUNPATH_SEARCH_PATHS = "$(inherited) @executable_path/Frameworks";
				PRODUCT_BUNDLE_IDENTIFIER = tech.dreamgo.MRChangeViewDemo;
				PRODUCT_NAME = "$(TARGET_NAME)";
			};
			name = Release;
		};
		512F2BBF1EB1DC2F0061FDB0 /* Debug */ = {
			isa = XCBuildConfiguration;
			buildSettings = {
				BUNDLE_LOADER = "$(TEST_HOST)";
				DEVELOPMENT_TEAM = B4A2AYAJR2;
				INFOPLIST_FILE = MRChangeViewDemoTests/Info.plist;
				LD_RUNPATH_SEARCH_PATHS = "$(inherited) @executable_path/Frameworks @loader_path/Frameworks";
				PRODUCT_BUNDLE_IDENTIFIER = tech.dreamgo.MRChangeViewDemoTests;
				PRODUCT_NAME = "$(TARGET_NAME)";
				TEST_HOST = "$(BUILT_PRODUCTS_DIR)/MRChangeViewDemo.app/MRChangeViewDemo";
			};
			name = Debug;
		};
		512F2BC01EB1DC2F0061FDB0 /* Release */ = {
			isa = XCBuildConfiguration;
			buildSettings = {
				BUNDLE_LOADER = "$(TEST_HOST)";
				DEVELOPMENT_TEAM = B4A2AYAJR2;
				INFOPLIST_FILE = MRChangeViewDemoTests/Info.plist;
				LD_RUNPATH_SEARCH_PATHS = "$(inherited) @executable_path/Frameworks @loader_path/Frameworks";
				PRODUCT_BUNDLE_IDENTIFIER = tech.dreamgo.MRChangeViewDemoTests;
				PRODUCT_NAME = "$(TARGET_NAME)";
				TEST_HOST = "$(BUILT_PRODUCTS_DIR)/MRChangeViewDemo.app/MRChangeViewDemo";
			};
			name = Release;
		};
		512F2BC21EB1DC2F0061FDB0 /* Debug */ = {
			isa = XCBuildConfiguration;
			buildSettings = {
				DEVELOPMENT_TEAM = B4A2AYAJR2;
				INFOPLIST_FILE = MRChangeViewDemoUITests/Info.plist;
				LD_RUNPATH_SEARCH_PATHS = "$(inherited) @executable_path/Frameworks @loader_path/Frameworks";
				PRODUCT_BUNDLE_IDENTIFIER = tech.dreamgo.MRChangeViewDemoUITests;
				PRODUCT_NAME = "$(TARGET_NAME)";
				TEST_TARGET_NAME = MRChangeViewDemo;
			};
			name = Debug;
		};
		512F2BC31EB1DC2F0061FDB0 /* Release */ = {
			isa = XCBuildConfiguration;
			buildSettings = {
				DEVELOPMENT_TEAM = B4A2AYAJR2;
				INFOPLIST_FILE = MRChangeViewDemoUITests/Info.plist;
				LD_RUNPATH_SEARCH_PATHS = "$(inherited) @executable_path/Frameworks @loader_path/Frameworks";
				PRODUCT_BUNDLE_IDENTIFIER = tech.dreamgo.MRChangeViewDemoUITests;
				PRODUCT_NAME = "$(TARGET_NAME)";
				TEST_TARGET_NAME = MRChangeViewDemo;
			};
			name = Release;
		};
/* End XCBuildConfiguration section */

/* Begin XCConfigurationList section */
		512F2B891EB1DC2E0061FDB0 /* Build configuration list for PBXProject "MRChangeViewDemo" */ = {
			isa = XCConfigurationList;
			buildConfigurations = (
				512F2BB91EB1DC2F0061FDB0 /* Debug */,
				512F2BBA1EB1DC2F0061FDB0 /* Release */,
			);
			defaultConfigurationIsVisible = 0;
			defaultConfigurationName = Release;
		};
		512F2BBB1EB1DC2F0061FDB0 /* Build configuration list for PBXNativeTarget "MRChangeViewDemo" */ = {
			isa = XCConfigurationList;
			buildConfigurations = (
				512F2BBC1EB1DC2F0061FDB0 /* Debug */,
				512F2BBD1EB1DC2F0061FDB0 /* Release */,
			);
			defaultConfigurationIsVisible = 0;
			defaultConfigurationName = Release;
		};
		512F2BBE1EB1DC2F0061FDB0 /* Build configuration list for PBXNativeTarget "MRChangeViewDemoTests" */ = {
			isa = XCConfigurationList;
			buildConfigurations = (
				512F2BBF1EB1DC2F0061FDB0 /* Debug */,
				512F2BC01EB1DC2F0061FDB0 /* Release */,
			);
			defaultConfigurationIsVisible = 0;
			defaultConfigurationName = Release;
		};
		512F2BC11EB1DC2F0061FDB0 /* Build configuration list for PBXNativeTarget "MRChangeViewDemoUITests" */ = {
			isa = XCConfigurationList;
			buildConfigurations = (
				512F2BC21EB1DC2F0061FDB0 /* Debug */,
				512F2BC31EB1DC2F0061FDB0 /* Release */,
			);
			defaultConfigurationIsVisible = 0;
			defaultConfigurationName = Release;
		};
/* End XCConfigurationList section */
	};
	rootObject = 512F2B861EB1DC2E0061FDB0 /* Project object */;
}
