// !$*UTF8*$!
{
	archiveVersion = 1;
	classes = {
	};
	objectVersion = 46;
	objects = {

/* Begin PBXBuildFile section */
		51BF3A8D1EC07B7500041EC8 /* main.m in Sources */ = {isa = PBXBuildFile; fileRef = 51BF3A8C1EC07B7500041EC8 /* main.m */; };
		51BF3A901EC07B7500041EC8 /* AppDelegate.m in Sources */ = {isa = PBXBuildFile; fileRef = 51BF3A8F1EC07B7500041EC8 /* AppDelegate.m */; };
		51BF3A931EC07B7500041EC8 /* ViewController.m in Sources */ = {isa = PBXBuildFile; fileRef = 51BF3A921EC07B7500041EC8 /* ViewController.m */; };
		51BF3A961EC07B7500041EC8 /* Main.storyboard in Resources */ = {isa = PBXBuildFile; fileRef = 51BF3A941EC07B7500041EC8 /* Main.storyboard */; };
		51BF3A981EC07B7500041EC8 /* Assets.xcassets in Resources */ = {isa = PBXBuildFile; fileRef = 51BF3A971EC07B7500041EC8 /* Assets.xcassets */; };
		51BF3A9B1EC07B7500041EC8 /* LaunchScreen.storyboard in Resources */ = {isa = PBXBuildFile; fileRef = 51BF3A991EC07B7500041EC8 /* LaunchScreen.storyboard */; };
		51BF3AA61EC07B7500041EC8 /* __Tests.m in Sources */ = {isa = PBXBuildFile; fileRef = 51BF3AA51EC07B7500041EC8 /* __Tests.m */; };
		51BF3AB11EC07B7500041EC8 /* __UITests.m in Sources */ = {isa = PBXBuildFile; fileRef = 51BF3AB01EC07B7500041EC8 /* __UITests.m */; };
		51BF3B261EC07BCC00041EC8 /* BaseCtrl.m in Sources */ = {isa = PBXBuildFile; fileRef = 51BF3AC21EC07BCC00041EC8 /* BaseCtrl.m */; };
		51BF3B271EC07BCC00041EC8 /* BaseNavigation.m in Sources */ = {isa = PBXBuildFile; fileRef = 51BF3AC51EC07BCC00041EC8 /* BaseNavigation.m */; };
		51BF3B281EC07BCC00041EC8 /* BasePresentCtrl.m in Sources */ = {isa = PBXBuildFile; fileRef = 51BF3AC81EC07BCC00041EC8 /* BasePresentCtrl.m */; };
		51BF3B291EC07BCC00041EC8 /* BasePushCtrl.m in Sources */ = {isa = PBXBuildFile; fileRef = 51BF3ACB1EC07BCC00041EC8 /* BasePushCtrl.m */; };
		51BF3B2A1EC07BCC00041EC8 /* return123.png in Resources */ = {isa = PBXBuildFile; fileRef = 51BF3ACC1EC07BCC00041EC8 /* return123.png */; };
		51BF3B2B1EC07BCC00041EC8 /* NSArray+MRLog.m in Sources */ = {isa = PBXBuildFile; fileRef = 51BF3AD11EC07BCC00041EC8 /* NSArray+MRLog.m */; };
		51BF3B2C1EC07BCC00041EC8 /* NSAttributedString+MRAttributedString.m in Sources */ = {isa = PBXBuildFile; fileRef = 51BF3AD41EC07BCC00041EC8 /* NSAttributedString+MRAttributedString.m */; };
		51BF3B2D1EC07BCC00041EC8 /* NSDate+MRDate.m in Sources */ = {isa = PBXBuildFile; fileRef = 51BF3AD71EC07BCC00041EC8 /* NSDate+MRDate.m */; };
		51BF3B2E1EC07BCC00041EC8 /* NSString+MRString.m in Sources */ = {isa = PBXBuildFile; fileRef = 51BF3ADA1EC07BCC00041EC8 /* NSString+MRString.m */; };
		51BF3B2F1EC07BCC00041EC8 /* UIButton+MRButton.m in Sources */ = {isa = PBXBuildFile; fileRef = 51BF3ADD1EC07BCC00041EC8 /* UIButton+MRButton.m */; };
		51BF3B301EC07BCC00041EC8 /* UIColor+MRColor.m in Sources */ = {isa = PBXBuildFile; fileRef = 51BF3AE01EC07BCC00041EC8 /* UIColor+MRColor.m */; };
		51BF3B311EC07BCC00041EC8 /* UIImageView+MRImageView.m in Sources */ = {isa = PBXBuildFile; fileRef = 51BF3AE31EC07BCC00041EC8 /* UIImageView+MRImageView.m */; };
		51BF3B321EC07BCC00041EC8 /* UIScreen+MRScreen.m in Sources */ = {isa = PBXBuildFile; fileRef = 51BF3AE61EC07BCC00041EC8 /* UIScreen+MRScreen.m */; };
		51BF3B331EC07BCC00041EC8 /* UIView+MRView.m in Sources */ = {isa = PBXBuildFile; fileRef = 51BF3AE91EC07BCC00041EC8 /* UIView+MRView.m */; };
		51BF3B341EC07BCC00041EC8 /* MRCommonColorAndPicture.m in Sources */ = {isa = PBXBuildFile; fileRef = 51BF3AED1EC07BCC00041EC8 /* MRCommonColorAndPicture.m */; };
		51BF3B351EC07BCC00041EC8 /* MRCommonOther.m in Sources */ = {isa = PBXBuildFile; fileRef = 51BF3AEF1EC07BCC00041EC8 /* MRCommonOther.m */; };
		51BF3B361EC07BCC00041EC8 /* MRCommonRuntime.m in Sources */ = {isa = PBXBuildFile; fileRef = 51BF3AF11EC07BCC00041EC8 /* MRCommonRuntime.m */; };
		51BF3B371EC07BCC00041EC8 /* MRCommonString.m in Sources */ = {isa = PBXBuildFile; fileRef = 51BF3AF31EC07BCC00041EC8 /* MRCommonString.m */; };
		51BF3B381EC07BCC00041EC8 /* MRCommonTime.m in Sources */ = {isa = PBXBuildFile; fileRef = 51BF3AF51EC07BCC00041EC8 /* MRCommonTime.m */; };
		51BF3B391EC07BCC00041EC8 /* Reachability.m in Sources */ = {isa = PBXBuildFile; fileRef = 51BF3AF71EC07BCC00041EC8 /* Reachability.m */; };
		51BF3B3A1EC07BCC00041EC8 /* MRAlertView.m in Sources */ = {isa = PBXBuildFile; fileRef = 51BF3AFB1EC07BCC00041EC8 /* MRAlertView.m */; };
		51BF3B3B1EC07BCC00041EC8 /* MRCurtainView.m in Sources */ = {isa = PBXBuildFile; fileRef = 51BF3AFD1EC07BCC00041EC8 /* MRCurtainView.m */; };
		51BF3B3C1EC07BCC00041EC8 /* MRFullView.m in Sources */ = {isa = PBXBuildFile; fileRef = 51BF3AFF1EC07BCC00041EC8 /* MRFullView.m */; };
		51BF3B3D1EC07BCC00041EC8 /* MRLabel.m in Sources */ = {isa = PBXBuildFile; fileRef = 51BF3B011EC07BCC00041EC8 /* MRLabel.m */; };
		51BF3B3E1EC07BCC00041EC8 /* MRPopController.m in Sources */ = {isa = PBXBuildFile; fileRef = 51BF3B031EC07BCC00041EC8 /* MRPopController.m */; };
		51BF3B3F1EC07BCC00041EC8 /* MRSiderBarView.m in Sources */ = {isa = PBXBuildFile; fileRef = 51BF3B051EC07BCC00041EC8 /* MRSiderBarView.m */; };
		51BF3B401EC07BCC00041EC8 /* MRButton.m in Sources */ = {isa = PBXBuildFile; fileRef = 51BF3B081EC07BCC00041EC8 /* MRButton.m */; };
		51BF3B411EC07BCC00041EC8 /* MRChangeView.m in Sources */ = {isa = PBXBuildFile; fileRef = 51BF3B0B1EC07BCC00041EC8 /* MRChangeView.m */; };
		51BF3B421EC07BCC00041EC8 /* down_img.png in Resources */ = {isa = PBXBuildFile; fileRef = 51BF3B0D1EC07BCC00041EC8 /* down_img.png */; };
		51BF3B431EC07BCC00041EC8 /* MRDropDownView.m in Sources */ = {isa = PBXBuildFile; fileRef = 51BF3B0F1EC07BCC00041EC8 /* MRDropDownView.m */; };
		51BF3B441EC07BCC00041EC8 /* seleted_right.png in Resources */ = {isa = PBXBuildFile; fileRef = 51BF3B101EC07BCC00041EC8 /* seleted_right.png */; };
		51BF3B451EC07BCC00041EC8 /* UIView+MRExtension.m in Sources */ = {isa = PBXBuildFile; fileRef = 51BF3B121EC07BCC00041EC8 /* UIView+MRExtension.m */; };
		51BF3B461EC07BCC00041EC8 /* up_img.png in Resources */ = {isa = PBXBuildFile; fileRef = 51BF3B131EC07BCC00041EC8 /* up_img.png */; };
		51BF3B471EC07BCC00041EC8 /* MRImageView.m in Sources */ = {isa = PBXBuildFile; fileRef = 51BF3B161EC07BCC00041EC8 /* MRImageView.m */; };
		51BF3B481EC07BCC00041EC8 /* MRInputBoxView.m in Sources */ = {isa = PBXBuildFile; fileRef = 51BF3B191EC07BCC00041EC8 /* MRInputBoxView.m */; };
		51BF3B491EC07BCC00041EC8 /* MRListDownView.m in Sources */ = {isa = PBXBuildFile; fileRef = 51BF3B1C1EC07BCC00041EC8 /* MRListDownView.m */; };
		51BF3B4A1EC07BCC00041EC8 /* sharp_List.png in Resources */ = {isa = PBXBuildFile; fileRef = 51BF3B1D1EC07BCC00041EC8 /* sharp_List.png */; };
		51BF3B4B1EC07BCC00041EC8 /* MRSingleSwitch.m in Sources */ = {isa = PBXBuildFile; fileRef = 51BF3B201EC07BCC00041EC8 /* MRSingleSwitch.m */; };
		51BF3B4C1EC07BCC00041EC8 /* MRSingleSwitch_未选中.png in Resources */ = {isa = PBXBuildFile; fileRef = 51BF3B211EC07BCC00041EC8 /* MRSingleSwitch_未选中.png */; };
		51BF3B4D1EC07BCC00041EC8 /* MRSingleSwitch_选中.png in Resources */ = {isa = PBXBuildFile; fileRef = 51BF3B221EC07BCC00041EC8 /* MRSingleSwitch_选中.png */; };
		51BF3B4E1EC07BCC00041EC8 /* MRTextField.m in Sources */ = {isa = PBXBuildFile; fileRef = 51BF3B251EC07BCC00041EC8 /* MRTextField.m */; };
/* End PBXBuildFile section */

/* Begin PBXContainerItemProxy section */
		51BF3AA21EC07B7500041EC8 /* PBXContainerItemProxy */ = {
			isa = PBXContainerItemProxy;
			containerPortal = 51BF3A801EC07B7500041EC8 /* Project object */;
			proxyType = 1;
			remoteGlobalIDString = 51BF3A871EC07B7500041EC8;
			remoteInfo = "弹窗";
		};
		51BF3AAD1EC07B7500041EC8 /* PBXContainerItemProxy */ = {
			isa = PBXContainerItemProxy;
			containerPortal = 51BF3A801EC07B7500041EC8 /* Project object */;
			proxyType = 1;
			remoteGlobalIDString = 51BF3A871EC07B7500041EC8;
			remoteInfo = "弹窗";
		};
/* End PBXContainerItemProxy section */

/* Begin PBXFileReference section */
		51BF3A881EC07B7500041EC8 /* 弹窗.app */ = {isa = PBXFileReference; explicitFileType = wrapper.application; includeInIndex = 0; path = "弹窗.app"; sourceTree = BUILT_PRODUCTS_DIR; };
		51BF3A8C1EC07B7500041EC8 /* main.m */ = {isa = PBXFileReference; lastKnownFileType = sourcecode.c.objc; path = main.m; sourceTree = "<group>"; };
		51BF3A8E1EC07B7500041EC8 /* AppDelegate.h */ = {isa = PBXFileReference; lastKnownFileType = sourcecode.c.h; path = AppDelegate.h; sourceTree = "<group>"; };
		51BF3A8F1EC07B7500041EC8 /* AppDelegate.m */ = {isa = PBXFileReference; lastKnownFileType = sourcecode.c.objc; path = AppDelegate.m; sourceTree = "<group>"; };
		51BF3A911EC07B7500041EC8 /* ViewController.h */ = {isa = PBXFileReference; lastKnownFileType = sourcecode.c.h; path = ViewController.h; sourceTree = "<group>"; };
		51BF3A921EC07B7500041EC8 /* ViewController.m */ = {isa = PBXFileReference; lastKnownFileType = sourcecode.c.objc; path = ViewController.m; sourceTree = "<group>"; };
		51BF3A951EC07B7500041EC8 /* Base */ = {isa = PBXFileReference; lastKnownFileType = file.storyboard; name = Base; path = Base.lproj/Main.storyboard; sourceTree = "<group>"; };
		51BF3A971EC07B7500041EC8 /* Assets.xcassets */ = {isa = PBXFileReference; lastKnownFileType = folder.assetcatalog; path = Assets.xcassets; sourceTree = "<group>"; };
		51BF3A9A1EC07B7500041EC8 /* Base */ = {isa = PBXFileReference; lastKnownFileType = file.storyboard; name = Base; path = Base.lproj/LaunchScreen.storyboard; sourceTree = "<group>"; };
		51BF3A9C1EC07B7500041EC8 /* Info.plist */ = {isa = PBXFileReference; lastKnownFileType = text.plist.xml; path = Info.plist; sourceTree = "<group>"; };
		51BF3AA11EC07B7500041EC8 /* 弹窗Tests.xctest */ = {isa = PBXFileReference; explicitFileType = wrapper.cfbundle; includeInIndex = 0; path = "弹窗Tests.xctest"; sourceTree = BUILT_PRODUCTS_DIR; };
		51BF3AA51EC07B7500041EC8 /* __Tests.m */ = {isa = PBXFileReference; lastKnownFileType = sourcecode.c.objc; path = __Tests.m; sourceTree = "<group>"; };
		51BF3AA71EC07B7500041EC8 /* Info.plist */ = {isa = PBXFileReference; lastKnownFileType = text.plist.xml; path = Info.plist; sourceTree = "<group>"; };
		51BF3AAC1EC07B7500041EC8 /* 弹窗UITests.xctest */ = {isa = PBXFileReference; explicitFileType = wrapper.cfbundle; includeInIndex = 0; path = "弹窗UITests.xctest"; sourceTree = BUILT_PRODUCTS_DIR; };
		51BF3AB01EC07B7500041EC8 /* __UITests.m */ = {isa = PBXFileReference; lastKnownFileType = sourcecode.c.objc; path = __UITests.m; sourceTree = "<group>"; };
		51BF3AB21EC07B7500041EC8 /* Info.plist */ = {isa = PBXFileReference; lastKnownFileType = text.plist.xml; path = Info.plist; sourceTree = "<group>"; };
		51BF3AC11EC07BCC00041EC8 /* BaseCtrl.h */ = {isa = PBXFileReference; fileEncoding = 4; lastKnownFileType = sourcecode.c.h; path = BaseCtrl.h; sourceTree = "<group>"; };
		51BF3AC21EC07BCC00041EC8 /* BaseCtrl.m */ = {isa = PBXFileReference; fileEncoding = 4; lastKnownFileType = sourcecode.c.objc; path = BaseCtrl.m; sourceTree = "<group>"; };
		51BF3AC41EC07BCC00041EC8 /* BaseNavigation.h */ = {isa = PBXFileReference; fileEncoding = 4; lastKnownFileType = sourcecode.c.h; path = BaseNavigation.h; sourceTree = "<group>"; };
		51BF3AC51EC07BCC00041EC8 /* BaseNavigation.m */ = {isa = PBXFileReference; fileEncoding = 4; lastKnownFileType = sourcecode.c.objc; path = BaseNavigation.m; sourceTree = "<group>"; };
		51BF3AC71EC07BCC00041EC8 /* BasePresentCtrl.h */ = {isa = PBXFileReference; fileEncoding = 4; lastKnownFileType = sourcecode.c.h; path = BasePresentCtrl.h; sourceTree = "<group>"; };
		51BF3AC81EC07BCC00041EC8 /* BasePresentCtrl.m */ = {isa = PBXFileReference; fileEncoding = 4; lastKnownFileType = sourcecode.c.objc; path = BasePresentCtrl.m; sourceTree = "<group>"; };
		51BF3ACA1EC07BCC00041EC8 /* BasePushCtrl.h */ = {isa = PBXFileReference; fileEncoding = 4; lastKnownFileType = sourcecode.c.h; path = BasePushCtrl.h; sourceTree = "<group>"; };
		51BF3ACB1EC07BCC00041EC8 /* BasePushCtrl.m */ = {isa = PBXFileReference; fileEncoding = 4; lastKnownFileType = sourcecode.c.objc; path = BasePushCtrl.m; sourceTree = "<group>"; };
		51BF3ACC1EC07BCC00041EC8 /* return123.png */ = {isa = PBXFileReference; lastKnownFileType = image.png; path = return123.png; sourceTree = "<group>"; };
		51BF3AD01EC07BCC00041EC8 /* NSArray+MRLog.h */ = {isa = PBXFileReference; fileEncoding = 4; lastKnownFileType = sourcecode.c.h; path = "NSArray+MRLog.h"; sourceTree = "<group>"; };
		51BF3AD11EC07BCC00041EC8 /* NSArray+MRLog.m */ = {isa = PBXFileReference; fileEncoding = 4; lastKnownFileType = sourcecode.c.objc; path = "NSArray+MRLog.m"; sourceTree = "<group>"; };
		51BF3AD31EC07BCC00041EC8 /* NSAttributedString+MRAttributedString.h */ = {isa = PBXFileReference; fileEncoding = 4; lastKnownFileType = sourcecode.c.h; path = "NSAttributedString+MRAttributedString.h"; sourceTree = "<group>"; };
		51BF3AD41EC07BCC00041EC8 /* NSAttributedString+MRAttributedString.m */ = {isa = PBXFileReference; fileEncoding = 4; lastKnownFileType = sourcecode.c.objc; path = "NSAttributedString+MRAttributedString.m"; sourceTree = "<group>"; };
		51BF3AD61EC07BCC00041EC8 /* NSDate+MRDate.h */ = {isa = PBXFileReference; fileEncoding = 4; lastKnownFileType = sourcecode.c.h; path = "NSDate+MRDate.h"; sourceTree = "<group>"; };
		51BF3AD71EC07BCC00041EC8 /* NSDate+MRDate.m */ = {isa = PBXFileReference; fileEncoding = 4; lastKnownFileType = sourcecode.c.objc; path = "NSDate+MRDate.m"; sourceTree = "<group>"; };
		51BF3AD91EC07BCC00041EC8 /* NSString+MRString.h */ = {isa = PBXFileReference; fileEncoding = 4; lastKnownFileType = sourcecode.c.h; path = "NSString+MRString.h"; sourceTree = "<group>"; };
		51BF3ADA1EC07BCC00041EC8 /* NSString+MRString.m */ = {isa = PBXFileReference; fileEncoding = 4; lastKnownFileType = sourcecode.c.objc; path = "NSString+MRString.m"; sourceTree = "<group>"; };
		51BF3ADC1EC07BCC00041EC8 /* UIButton+MRButton.h */ = {isa = PBXFileReference; fileEncoding = 4; lastKnownFileType = sourcecode.c.h; path = "UIButton+MRButton.h"; sourceTree = "<group>"; };
		51BF3ADD1EC07BCC00041EC8 /* UIButton+MRButton.m */ = {isa = PBXFileReference; fileEncoding = 4; lastKnownFileType = sourcecode.c.objc; path = "UIButton+MRButton.m"; sourceTree = "<group>"; };
		51BF3ADF1EC07BCC00041EC8 /* UIColor+MRColor.h */ = {isa = PBXFileReference; fileEncoding = 4; lastKnownFileType = sourcecode.c.h; path = "UIColor+MRColor.h"; sourceTree = "<group>"; };
		51BF3AE01EC07BCC00041EC8 /* UIColor+MRColor.m */ = {isa = PBXFileReference; fileEncoding = 4; lastKnownFileType = sourcecode.c.objc; path = "UIColor+MRColor.m"; sourceTree = "<group>"; };
		51BF3AE21EC07BCC00041EC8 /* UIImageView+MRImageView.h */ = {isa = PBXFileReference; fileEncoding = 4; lastKnownFileType = sourcecode.c.h; path = "UIImageView+MRImageView.h"; sourceTree = "<group>"; };
		51BF3AE31EC07BCC00041EC8 /* UIImageView+MRImageView.m */ = {isa = PBXFileReference; fileEncoding = 4; lastKnownFileType = sourcecode.c.objc; path = "UIImageView+MRImageView.m"; sourceTree = "<group>"; };
		51BF3AE51EC07BCC00041EC8 /* UIScreen+MRScreen.h */ = {isa = PBXFileReference; fileEncoding = 4; lastKnownFileType = sourcecode.c.h; path = "UIScreen+MRScreen.h"; sourceTree = "<group>"; };
		51BF3AE61EC07BCC00041EC8 /* UIScreen+MRScreen.m */ = {isa = PBXFileReference; fileEncoding = 4; lastKnownFileType = sourcecode.c.objc; path = "UIScreen+MRScreen.m"; sourceTree = "<group>"; };
		51BF3AE81EC07BCC00041EC8 /* UIView+MRView.h */ = {isa = PBXFileReference; fileEncoding = 4; lastKnownFileType = sourcecode.c.h; path = "UIView+MRView.h"; sourceTree = "<group>"; };
		51BF3AE91EC07BCC00041EC8 /* UIView+MRView.m */ = {isa = PBXFileReference; fileEncoding = 4; lastKnownFileType = sourcecode.c.objc; path = "UIView+MRView.m"; sourceTree = "<group>"; };
		51BF3AEA1EC07BCC00041EC8 /* MRCommon.h */ = {isa = PBXFileReference; fileEncoding = 4; lastKnownFileType = sourcecode.c.h; path = MRCommon.h; sourceTree = "<group>"; };
		51BF3AEC1EC07BCC00041EC8 /* MRCommonColorAndPicture.h */ = {isa = PBXFileReference; fileEncoding = 4; lastKnownFileType = sourcecode.c.h; path = MRCommonColorAndPicture.h; sourceTree = "<group>"; };
		51BF3AED1EC07BCC00041EC8 /* MRCommonColorAndPicture.m */ = {isa = PBXFileReference; fileEncoding = 4; lastKnownFileType = sourcecode.c.objc; path = MRCommonColorAndPicture.m; sourceTree = "<group>"; };
		51BF3AEE1EC07BCC00041EC8 /* MRCommonOther.h */ = {isa = PBXFileReference; fileEncoding = 4; lastKnownFileType = sourcecode.c.h; path = MRCommonOther.h; sourceTree = "<group>"; };
		51BF3AEF1EC07BCC00041EC8 /* MRCommonOther.m */ = {isa = PBXFileReference; fileEncoding = 4; lastKnownFileType = sourcecode.c.objc; path = MRCommonOther.m; sourceTree = "<group>"; };
		51BF3AF01EC07BCC00041EC8 /* MRCommonRuntime.h */ = {isa = PBXFileReference; fileEncoding = 4; lastKnownFileType = sourcecode.c.h; path = MRCommonRuntime.h; sourceTree = "<group>"; };
		51BF3AF11EC07BCC00041EC8 /* MRCommonRuntime.m */ = {isa = PBXFileReference; fileEncoding = 4; lastKnownFileType = sourcecode.c.objc; path = MRCommonRuntime.m; sourceTree = "<group>"; };
		51BF3AF21EC07BCC00041EC8 /* MRCommonString.h */ = {isa = PBXFileReference; fileEncoding = 4; lastKnownFileType = sourcecode.c.h; path = MRCommonString.h; sourceTree = "<group>"; };
		51BF3AF31EC07BCC00041EC8 /* MRCommonString.m */ = {isa = PBXFileReference; fileEncoding = 4; lastKnownFileType = sourcecode.c.objc; path = MRCommonString.m; sourceTree = "<group>"; };
		51BF3AF41EC07BCC00041EC8 /* MRCommonTime.h */ = {isa = PBXFileReference; fileEncoding = 4; lastKnownFileType = sourcecode.c.h; path = MRCommonTime.h; sourceTree = "<group>"; };
		51BF3AF51EC07BCC00041EC8 /* MRCommonTime.m */ = {isa = PBXFileReference; fileEncoding = 4; lastKnownFileType = sourcecode.c.objc; path = MRCommonTime.m; sourceTree = "<group>"; };
		51BF3AF61EC07BCC00041EC8 /* Reachability.h */ = {isa = PBXFileReference; fileEncoding = 4; lastKnownFileType = sourcecode.c.h; path = Reachability.h; sourceTree = "<group>"; };
		51BF3AF71EC07BCC00041EC8 /* Reachability.m */ = {isa = PBXFileReference; fileEncoding = 4; lastKnownFileType = sourcecode.c.objc; path = Reachability.m; sourceTree = "<group>"; };
		51BF3AFA1EC07BCC00041EC8 /* MRAlertView.h */ = {isa = PBXFileReference; fileEncoding = 4; lastKnownFileType = sourcecode.c.h; path = MRAlertView.h; sourceTree = "<group>"; };
		51BF3AFB1EC07BCC00041EC8 /* MRAlertView.m */ = {isa = PBXFileReference; fileEncoding = 4; lastKnownFileType = sourcecode.c.objc; path = MRAlertView.m; sourceTree = "<group>"; };
		51BF3AFC1EC07BCC00041EC8 /* MRCurtainView.h */ = {isa = PBXFileReference; fileEncoding = 4; lastKnownFileType = sourcecode.c.h; path = MRCurtainView.h; sourceTree = "<group>"; };
		51BF3AFD1EC07BCC00041EC8 /* MRCurtainView.m */ = {isa = PBXFileReference; fileEncoding = 4; lastKnownFileType = sourcecode.c.objc; path = MRCurtainView.m; sourceTree = "<group>"; };
		51BF3AFE1EC07BCC00041EC8 /* MRFullView.h */ = {isa = PBXFileReference; fileEncoding = 4; lastKnownFileType = sourcecode.c.h; path = MRFullView.h; sourceTree = "<group>"; };
		51BF3AFF1EC07BCC00041EC8 /* MRFullView.m */ = {isa = PBXFileReference; fileEncoding = 4; lastKnownFileType = sourcecode.c.objc; path = MRFullView.m; sourceTree = "<group>"; };
		51BF3B001EC07BCC00041EC8 /* MRLabel.h */ = {isa = PBXFileReference; fileEncoding = 4; lastKnownFileType = sourcecode.c.h; path = MRLabel.h; sourceTree = "<group>"; };
		51BF3B011EC07BCC00041EC8 /* MRLabel.m */ = {isa = PBXFileReference; fileEncoding = 4; lastKnownFileType = sourcecode.c.objc; path = MRLabel.m; sourceTree = "<group>"; };
		51BF3B021EC07BCC00041EC8 /* MRPopController.h */ = {isa = PBXFileReference; fileEncoding = 4; lastKnownFileType = sourcecode.c.h; path = MRPopController.h; sourceTree = "<group>"; };
		51BF3B031EC07BCC00041EC8 /* MRPopController.m */ = {isa = PBXFileReference; fileEncoding = 4; lastKnownFileType = sourcecode.c.objc; path = MRPopController.m; sourceTree = "<group>"; };
		51BF3B041EC07BCC00041EC8 /* MRSiderBarView.h */ = {isa = PBXFileReference; fileEncoding = 4; lastKnownFileType = sourcecode.c.h; path = MRSiderBarView.h; sourceTree = "<group>"; };
		51BF3B051EC07BCC00041EC8 /* MRSiderBarView.m */ = {isa = PBXFileReference; fileEncoding = 4; lastKnownFileType = sourcecode.c.objc; path = MRSiderBarView.m; sourceTree = "<group>"; };
		51BF3B071EC07BCC00041EC8 /* MRButton.h */ = {isa = PBXFileReference; fileEncoding = 4; lastKnownFileType = sourcecode.c.h; path = MRButton.h; sourceTree = "<group>"; };
		51BF3B081EC07BCC00041EC8 /* MRButton.m */ = {isa = PBXFileReference; fileEncoding = 4; lastKnownFileType = sourcecode.c.objc; path = MRButton.m; sourceTree = "<group>"; };
		51BF3B0A1EC07BCC00041EC8 /* MRChangeView.h */ = {isa = PBXFileReference; fileEncoding = 4; lastKnownFileType = sourcecode.c.h; path = MRChangeView.h; sourceTree = "<group>"; };
		51BF3B0B1EC07BCC00041EC8 /* MRChangeView.m */ = {isa = PBXFileReference; fileEncoding = 4; lastKnownFileType = sourcecode.c.objc; path = MRChangeView.m; sourceTree = "<group>"; };
		51BF3B0D1EC07BCC00041EC8 /* down_img.png */ = {isa = PBXFileReference; lastKnownFileType = image.png; path = down_img.png; sourceTree = "<group>"; };
		51BF3B0E1EC07BCC00041EC8 /* MRDropDownView.h */ = {isa = PBXFileReference; fileEncoding = 4; lastKnownFileType = sourcecode.c.h; path = MRDropDownView.h; sourceTree = "<group>"; };
		51BF3B0F1EC07BCC00041EC8 /* MRDropDownView.m */ = {isa = PBXFileReference; fileEncoding = 4; lastKnownFileType = sourcecode.c.objc; path = MRDropDownView.m; sourceTree = "<group>"; };
		51BF3B101EC07BCC00041EC8 /* seleted_right.png */ = {isa = PBXFileReference; lastKnownFileType = image.png; path = seleted_right.png; sourceTree = "<group>"; };
		51BF3B111EC07BCC00041EC8 /* UIView+MRExtension.h */ = {isa = PBXFileReference; fileEncoding = 4; lastKnownFileType = sourcecode.c.h; path = "UIView+MRExtension.h"; sourceTree = "<group>"; };
		51BF3B121EC07BCC00041EC8 /* UIView+MRExtension.m */ = {isa = PBXFileReference; fileEncoding = 4; lastKnownFileType = sourcecode.c.objc; path = "UIView+MRExtension.m"; sourceTree = "<group>"; };
		51BF3B131EC07BCC00041EC8 /* up_img.png */ = {isa = PBXFileReference; lastKnownFileType = image.png; path = up_img.png; sourceTree = "<group>"; };
		51BF3B151EC07BCC00041EC8 /* MRImageView.h */ = {isa = PBXFileReference; fileEncoding = 4; lastKnownFileType = sourcecode.c.h; path = MRImageView.h; sourceTree = "<group>"; };
		51BF3B161EC07BCC00041EC8 /* MRImageView.m */ = {isa = PBXFileReference; fileEncoding = 4; lastKnownFileType = sourcecode.c.objc; path = MRImageView.m; sourceTree = "<group>"; };
		51BF3B181EC07BCC00041EC8 /* MRInputBoxView.h */ = {isa = PBXFileReference; fileEncoding = 4; lastKnownFileType = sourcecode.c.h; path = MRInputBoxView.h; sourceTree = "<group>"; };
		51BF3B191EC07BCC00041EC8 /* MRInputBoxView.m */ = {isa = PBXFileReference; fileEncoding = 4; lastKnownFileType = sourcecode.c.objc; path = MRInputBoxView.m; sourceTree = "<group>"; };
		51BF3B1B1EC07BCC00041EC8 /* MRListDownView.h */ = {isa = PBXFileReference; fileEncoding = 4; lastKnownFileType = sourcecode.c.h; path = MRListDownView.h; sourceTree = "<group>"; };
		51BF3B1C1EC07BCC00041EC8 /* MRListDownView.m */ = {isa = PBXFileReference; fileEncoding = 4; lastKnownFileType = sourcecode.c.objc; path = MRListDownView.m; sourceTree = "<group>"; };
		51BF3B1D1EC07BCC00041EC8 /* sharp_List.png */ = {isa = PBXFileReference; lastKnownFileType = image.png; path = sharp_List.png; sourceTree = "<group>"; };
		51BF3B1F1EC07BCC00041EC8 /* MRSingleSwitch.h */ = {isa = PBXFileReference; fileEncoding = 4; lastKnownFileType = sourcecode.c.h; path = MRSingleSwitch.h; sourceTree = "<group>"; };
		51BF3B201EC07BCC00041EC8 /* MRSingleSwitch.m */ = {isa = PBXFileReference; fileEncoding = 4; lastKnownFileType = sourcecode.c.objc; path = MRSingleSwitch.m; sourceTree = "<group>"; };
		51BF3B211EC07BCC00041EC8 /* MRSingleSwitch_未选中.png */ = {isa = PBXFileReference; lastKnownFileType = image.png; path = "MRSingleSwitch_未选中.png"; sourceTree = "<group>"; };
		51BF3B221EC07BCC00041EC8 /* MRSingleSwitch_选中.png */ = {isa = PBXFileReference; lastKnownFileType = image.png; path = "MRSingleSwitch_选中.png"; sourceTree = "<group>"; };
		51BF3B241EC07BCC00041EC8 /* MRTextField.h */ = {isa = PBXFileReference; fileEncoding = 4; lastKnownFileType = sourcecode.c.h; path = MRTextField.h; sourceTree = "<group>"; };
		51BF3B251EC07BCC00041EC8 /* MRTextField.m */ = {isa = PBXFileReference; fileEncoding = 4; lastKnownFileType = sourcecode.c.objc; path = MRTextField.m; sourceTree = "<group>"; };
/* End PBXFileReference section */

/* Begin PBXFrameworksBuildPhase section */
		51BF3A851EC07B7500041EC8 /* Frameworks */ = {
			isa = PBXFrameworksBuildPhase;
			buildActionMask = 2147483647;
			files = (
			);
			runOnlyForDeploymentPostprocessing = 0;
		};
		51BF3A9E1EC07B7500041EC8 /* Frameworks */ = {
			isa = PBXFrameworksBuildPhase;
			buildActionMask = 2147483647;
			files = (
			);
			runOnlyForDeploymentPostprocessing = 0;
		};
		51BF3AA91EC07B7500041EC8 /* Frameworks */ = {
			isa = PBXFrameworksBuildPhase;
			buildActionMask = 2147483647;
			files = (
			);
			runOnlyForDeploymentPostprocessing = 0;
		};
/* End PBXFrameworksBuildPhase section */

/* Begin PBXGroup section */
		51BF3A7F1EC07B7500041EC8 = {
			isa = PBXGroup;
			children = (
				51BF3A8A1EC07B7500041EC8 /* 弹窗 */,
				51BF3AA41EC07B7500041EC8 /* 弹窗Tests */,
				51BF3AAF1EC07B7500041EC8 /* 弹窗UITests */,
				51BF3A891EC07B7500041EC8 /* Products */,
			);
			sourceTree = "<group>";
		};
		51BF3A891EC07B7500041EC8 /* Products */ = {
			isa = PBXGroup;
			children = (
				51BF3A881EC07B7500041EC8 /* 弹窗.app */,
				51BF3AA11EC07B7500041EC8 /* 弹窗Tests.xctest */,
				51BF3AAC1EC07B7500041EC8 /* 弹窗UITests.xctest */,
			);
			name = Products;
			sourceTree = "<group>";
		};
		51BF3A8A1EC07B7500041EC8 /* 弹窗 */ = {
			isa = PBXGroup;
			children = (
				51BF3ABE1EC07BCC00041EC8 /* Tmp */,
				51BF3A8E1EC07B7500041EC8 /* AppDelegate.h */,
				51BF3A8F1EC07B7500041EC8 /* AppDelegate.m */,
				51BF3A911EC07B7500041EC8 /* ViewController.h */,
				51BF3A921EC07B7500041EC8 /* ViewController.m */,
				51BF3A941EC07B7500041EC8 /* Main.storyboard */,
				51BF3A971EC07B7500041EC8 /* Assets.xcassets */,
				51BF3A991EC07B7500041EC8 /* LaunchScreen.storyboard */,
				51BF3A9C1EC07B7500041EC8 /* Info.plist */,
				51BF3A8B1EC07B7500041EC8 /* Supporting Files */,
			);
			path = "弹窗";
			sourceTree = "<group>";
		};
		51BF3A8B1EC07B7500041EC8 /* Supporting Files */ = {
			isa = PBXGroup;
			children = (
				51BF3A8C1EC07B7500041EC8 /* main.m */,
			);
			name = "Supporting Files";
			sourceTree = "<group>";
		};
		51BF3AA41EC07B7500041EC8 /* 弹窗Tests */ = {
			isa = PBXGroup;
			children = (
				51BF3AA51EC07B7500041EC8 /* __Tests.m */,
				51BF3AA71EC07B7500041EC8 /* Info.plist */,
			);
			path = "弹窗Tests";
			sourceTree = "<group>";
		};
		51BF3AAF1EC07B7500041EC8 /* 弹窗UITests */ = {
			isa = PBXGroup;
			children = (
				51BF3AB01EC07B7500041EC8 /* __UITests.m */,
				51BF3AB21EC07B7500041EC8 /* Info.plist */,
			);
			path = "弹窗UITests";
			sourceTree = "<group>";
		};
		51BF3ABE1EC07BCC00041EC8 /* Tmp */ = {
			isa = PBXGroup;
			children = (
				51BF3ABF1EC07BCC00041EC8 /* Ctrl */,
				51BF3ACD1EC07BCC00041EC8 /* MRCommon */,
			);
			path = Tmp;
			sourceTree = "<group>";
		};
		51BF3ABF1EC07BCC00041EC8 /* Ctrl */ = {
			isa = PBXGroup;
			children = (
				51BF3AC01EC07BCC00041EC8 /* BaseCtrl */,
				51BF3AC31EC07BCC00041EC8 /* BaseNavigation */,
				51BF3AC61EC07BCC00041EC8 /* BasePresentCtrl */,
				51BF3AC91EC07BCC00041EC8 /* BasePushCtrl */,
			);
			path = Ctrl;
			sourceTree = "<group>";
		};
		51BF3AC01EC07BCC00041EC8 /* BaseCtrl */ = {
			isa = PBXGroup;
			children = (
				51BF3AC11EC07BCC00041EC8 /* BaseCtrl.h */,
				51BF3AC21EC07BCC00041EC8 /* BaseCtrl.m */,
			);
			path = BaseCtrl;
			sourceTree = "<group>";
		};
		51BF3AC31EC07BCC00041EC8 /* BaseNavigation */ = {
			isa = PBXGroup;
			children = (
				51BF3AC41EC07BCC00041EC8 /* BaseNavigation.h */,
				51BF3AC51EC07BCC00041EC8 /* BaseNavigation.m */,
			);
			path = BaseNavigation;
			sourceTree = "<group>";
		};
		51BF3AC61EC07BCC00041EC8 /* BasePresentCtrl */ = {
			isa = PBXGroup;
			children = (
				51BF3AC71EC07BCC00041EC8 /* BasePresentCtrl.h */,
				51BF3AC81EC07BCC00041EC8 /* BasePresentCtrl.m */,
			);
			path = BasePresentCtrl;
			sourceTree = "<group>";
		};
		51BF3AC91EC07BCC00041EC8 /* BasePushCtrl */ = {
			isa = PBXGroup;
			children = (
				51BF3ACA1EC07BCC00041EC8 /* BasePushCtrl.h */,
				51BF3ACB1EC07BCC00041EC8 /* BasePushCtrl.m */,
				51BF3ACC1EC07BCC00041EC8 /* return123.png */,
			);
			path = BasePushCtrl;
			sourceTree = "<group>";
		};
		51BF3ACD1EC07BCC00041EC8 /* MRCommon */ = {
			isa = PBXGroup;
			children = (
				51BF3ACE1EC07BCC00041EC8 /* MRCategory */,
				51BF3AEA1EC07BCC00041EC8 /* MRCommon.h */,
				51BF3AEB1EC07BCC00041EC8 /* MRCommonPackaging */,
				51BF3AF81EC07BCC00041EC8 /* MRView */,
			);
			path = MRCommon;
			sourceTree = "<group>";
		};
		51BF3ACE1EC07BCC00041EC8 /* MRCategory */ = {
			isa = PBXGroup;
			children = (
				51BF3ACF1EC07BCC00041EC8 /* NSArray */,
				51BF3AD21EC07BCC00041EC8 /* NSAttributedString */,
				51BF3AD51EC07BCC00041EC8 /* NSDate */,
				51BF3AD81EC07BCC00041EC8 /* NSString */,
				51BF3ADB1EC07BCC00041EC8 /* UIButton */,
				51BF3ADE1EC07BCC00041EC8 /* UIColor */,
				51BF3AE11EC07BCC00041EC8 /* UIImageView */,
				51BF3AE41EC07BCC00041EC8 /* UIScreen */,
				51BF3AE71EC07BCC00041EC8 /* UIView */,
			);
			path = MRCategory;
			sourceTree = "<group>";
		};
		51BF3ACF1EC07BCC00041EC8 /* NSArray */ = {
			isa = PBXGroup;
			children = (
				51BF3AD01EC07BCC00041EC8 /* NSArray+MRLog.h */,
				51BF3AD11EC07BCC00041EC8 /* NSArray+MRLog.m */,
			);
			path = NSArray;
			sourceTree = "<group>";
		};
		51BF3AD21EC07BCC00041EC8 /* NSAttributedString */ = {
			isa = PBXGroup;
			children = (
				51BF3AD31EC07BCC00041EC8 /* NSAttributedString+MRAttributedString.h */,
				51BF3AD41EC07BCC00041EC8 /* NSAttributedString+MRAttributedString.m */,
			);
			path = NSAttributedString;
			sourceTree = "<group>";
		};
		51BF3AD51EC07BCC00041EC8 /* NSDate */ = {
			isa = PBXGroup;
			children = (
				51BF3AD61EC07BCC00041EC8 /* NSDate+MRDate.h */,
				51BF3AD71EC07BCC00041EC8 /* NSDate+MRDate.m */,
			);
			path = NSDate;
			sourceTree = "<group>";
		};
		51BF3AD81EC07BCC00041EC8 /* NSString */ = {
			isa = PBXGroup;
			children = (
				51BF3AD91EC07BCC00041EC8 /* NSString+MRString.h */,
				51BF3ADA1EC07BCC00041EC8 /* NSString+MRString.m */,
			);
			path = NSString;
			sourceTree = "<group>";
		};
		51BF3ADB1EC07BCC00041EC8 /* UIButton */ = {
			isa = PBXGroup;
			children = (
				51BF3ADC1EC07BCC00041EC8 /* UIButton+MRButton.h */,
				51BF3ADD1EC07BCC00041EC8 /* UIButton+MRButton.m */,
			);
			path = UIButton;
			sourceTree = "<group>";
		};
		51BF3ADE1EC07BCC00041EC8 /* UIColor */ = {
			isa = PBXGroup;
			children = (
				51BF3ADF1EC07BCC00041EC8 /* UIColor+MRColor.h */,
				51BF3AE01EC07BCC00041EC8 /* UIColor+MRColor.m */,
			);
			path = UIColor;
			sourceTree = "<group>";
		};
		51BF3AE11EC07BCC00041EC8 /* UIImageView */ = {
			isa = PBXGroup;
			children = (
				51BF3AE21EC07BCC00041EC8 /* UIImageView+MRImageView.h */,
				51BF3AE31EC07BCC00041EC8 /* UIImageView+MRImageView.m */,
			);
			path = UIImageView;
			sourceTree = "<group>";
		};
		51BF3AE41EC07BCC00041EC8 /* UIScreen */ = {
			isa = PBXGroup;
			children = (
				51BF3AE51EC07BCC00041EC8 /* UIScreen+MRScreen.h */,
				51BF3AE61EC07BCC00041EC8 /* UIScreen+MRScreen.m */,
			);
			path = UIScreen;
			sourceTree = "<group>";
		};
		51BF3AE71EC07BCC00041EC8 /* UIView */ = {
			isa = PBXGroup;
			children = (
				51BF3AE81EC07BCC00041EC8 /* UIView+MRView.h */,
				51BF3AE91EC07BCC00041EC8 /* UIView+MRView.m */,
			);
			path = UIView;
			sourceTree = "<group>";
		};
		51BF3AEB1EC07BCC00041EC8 /* MRCommonPackaging */ = {
			isa = PBXGroup;
			children = (
				51BF3AEC1EC07BCC00041EC8 /* MRCommonColorAndPicture.h */,
				51BF3AED1EC07BCC00041EC8 /* MRCommonColorAndPicture.m */,
				51BF3AEE1EC07BCC00041EC8 /* MRCommonOther.h */,
				51BF3AEF1EC07BCC00041EC8 /* MRCommonOther.m */,
				51BF3AF01EC07BCC00041EC8 /* MRCommonRuntime.h */,
				51BF3AF11EC07BCC00041EC8 /* MRCommonRuntime.m */,
				51BF3AF21EC07BCC00041EC8 /* MRCommonString.h */,
				51BF3AF31EC07BCC00041EC8 /* MRCommonString.m */,
				51BF3AF41EC07BCC00041EC8 /* MRCommonTime.h */,
				51BF3AF51EC07BCC00041EC8 /* MRCommonTime.m */,
				51BF3AF61EC07BCC00041EC8 /* Reachability.h */,
				51BF3AF71EC07BCC00041EC8 /* Reachability.m */,
			);
			path = MRCommonPackaging;
			sourceTree = "<group>";
		};
		51BF3AF81EC07BCC00041EC8 /* MRView */ = {
			isa = PBXGroup;
			children = (
				51BF3AF91EC07BCC00041EC8 /* MRAlertView */,
				51BF3B061EC07BCC00041EC8 /* MRButton */,
				51BF3B091EC07BCC00041EC8 /* MRChangeView */,
				51BF3B0C1EC07BCC00041EC8 /* MRDropDownView */,
				51BF3B141EC07BCC00041EC8 /* MRImageView */,
				51BF3B171EC07BCC00041EC8 /* MRInputBoxView */,
				51BF3B1A1EC07BCC00041EC8 /* MRListDownView */,
				51BF3B1E1EC07BCC00041EC8 /* MRSingleSwitch */,
				51BF3B231EC07BCC00041EC8 /* MRTextField */,
			);
			path = MRView;
			sourceTree = "<group>";
		};
		51BF3AF91EC07BCC00041EC8 /* MRAlertView */ = {
			isa = PBXGroup;
			children = (
				51BF3AFA1EC07BCC00041EC8 /* MRAlertView.h */,
				51BF3AFB1EC07BCC00041EC8 /* MRAlertView.m */,
				51BF3AFC1EC07BCC00041EC8 /* MRCurtainView.h */,
				51BF3AFD1EC07BCC00041EC8 /* MRCurtainView.m */,
				51BF3AFE1EC07BCC00041EC8 /* MRFullView.h */,
				51BF3AFF1EC07BCC00041EC8 /* MRFullView.m */,
				51BF3B001EC07BCC00041EC8 /* MRLabel.h */,
				51BF3B011EC07BCC00041EC8 /* MRLabel.m */,
				51BF3B021EC07BCC00041EC8 /* MRPopController.h */,
				51BF3B031EC07BCC00041EC8 /* MRPopController.m */,
				51BF3B041EC07BCC00041EC8 /* MRSiderBarView.h */,
				51BF3B051EC07BCC00041EC8 /* MRSiderBarView.m */,
			);
			path = MRAlertView;
			sourceTree = "<group>";
		};
		51BF3B061EC07BCC00041EC8 /* MRButton */ = {
			isa = PBXGroup;
			children = (
				51BF3B071EC07BCC00041EC8 /* MRButton.h */,
				51BF3B081EC07BCC00041EC8 /* MRButton.m */,
			);
			path = MRButton;
			sourceTree = "<group>";
		};
		51BF3B091EC07BCC00041EC8 /* MRChangeView */ = {
			isa = PBXGroup;
			children = (
				51BF3B0A1EC07BCC00041EC8 /* MRChangeView.h */,
				51BF3B0B1EC07BCC00041EC8 /* MRChangeView.m */,
			);
			path = MRChangeView;
			sourceTree = "<group>";
		};
		51BF3B0C1EC07BCC00041EC8 /* MRDropDownView */ = {
			isa = PBXGroup;
			children = (
				51BF3B0D1EC07BCC00041EC8 /* down_img.png */,
				51BF3B0E1EC07BCC00041EC8 /* MRDropDownView.h */,
				51BF3B0F1EC07BCC00041EC8 /* MRDropDownView.m */,
				51BF3B101EC07BCC00041EC8 /* seleted_right.png */,
				51BF3B111EC07BCC00041EC8 /* UIView+MRExtension.h */,
				51BF3B121EC07BCC00041EC8 /* UIView+MRExtension.m */,
				51BF3B131EC07BCC00041EC8 /* up_img.png */,
			);
			path = MRDropDownView;
			sourceTree = "<group>";
		};
		51BF3B141EC07BCC00041EC8 /* MRImageView */ = {
			isa = PBXGroup;
			children = (
				51BF3B151EC07BCC00041EC8 /* MRImageView.h */,
				51BF3B161EC07BCC00041EC8 /* MRImageView.m */,
			);
			path = MRImageView;
			sourceTree = "<group>";
		};
		51BF3B171EC07BCC00041EC8 /* MRInputBoxView */ = {
			isa = PBXGroup;
			children = (
				51BF3B181EC07BCC00041EC8 /* MRInputBoxView.h */,
				51BF3B191EC07BCC00041EC8 /* MRInputBoxView.m */,
			);
			path = MRInputBoxView;
			sourceTree = "<group>";
		};
		51BF3B1A1EC07BCC00041EC8 /* MRListDownView */ = {
			isa = PBXGroup;
			children = (
				51BF3B1B1EC07BCC00041EC8 /* MRListDownView.h */,
				51BF3B1C1EC07BCC00041EC8 /* MRListDownView.m */,
				51BF3B1D1EC07BCC00041EC8 /* sharp_List.png */,
			);
			path = MRListDownView;
			sourceTree = "<group>";
		};
		51BF3B1E1EC07BCC00041EC8 /* MRSingleSwitch */ = {
			isa = PBXGroup;
			children = (
				51BF3B1F1EC07BCC00041EC8 /* MRSingleSwitch.h */,
				51BF3B201EC07BCC00041EC8 /* MRSingleSwitch.m */,
				51BF3B211EC07BCC00041EC8 /* MRSingleSwitch_未选中.png */,
				51BF3B221EC07BCC00041EC8 /* MRSingleSwitch_选中.png */,
			);
			path = MRSingleSwitch;
			sourceTree = "<group>";
		};
		51BF3B231EC07BCC00041EC8 /* MRTextField */ = {
			isa = PBXGroup;
			children = (
				51BF3B241EC07BCC00041EC8 /* MRTextField.h */,
				51BF3B251EC07BCC00041EC8 /* MRTextField.m */,
			);
			path = MRTextField;
			sourceTree = "<group>";
		};
/* End PBXGroup section */

/* Begin PBXNativeTarget section */
		51BF3A871EC07B7500041EC8 /* 弹窗 */ = {
			isa = PBXNativeTarget;
			buildConfigurationList = 51BF3AB51EC07B7500041EC8 /* Build configuration list for PBXNativeTarget "弹窗" */;
			buildPhases = (
				51BF3A841EC07B7500041EC8 /* Sources */,
				51BF3A851EC07B7500041EC8 /* Frameworks */,
				51BF3A861EC07B7500041EC8 /* Resources */,
			);
			buildRules = (
			);
			dependencies = (
			);
			name = "弹窗";
			productName = "弹窗";
			productReference = 51BF3A881EC07B7500041EC8 /* 弹窗.app */;
			productType = "com.apple.product-type.application";
		};
		51BF3AA01EC07B7500041EC8 /* 弹窗Tests */ = {
			isa = PBXNativeTarget;
			buildConfigurationList = 51BF3AB81EC07B7500041EC8 /* Build configuration list for PBXNativeTarget "弹窗Tests" */;
			buildPhases = (
				51BF3A9D1EC07B7500041EC8 /* Sources */,
				51BF3A9E1EC07B7500041EC8 /* Frameworks */,
				51BF3A9F1EC07B7500041EC8 /* Resources */,
			);
			buildRules = (
			);
			dependencies = (
				51BF3AA31EC07B7500041EC8 /* PBXTargetDependency */,
			);
			name = "弹窗Tests";
			productName = "弹窗Tests";
			productReference = 51BF3AA11EC07B7500041EC8 /* 弹窗Tests.xctest */;
			productType = "com.apple.product-type.bundle.unit-test";
		};
		51BF3AAB1EC07B7500041EC8 /* 弹窗UITests */ = {
			isa = PBXNativeTarget;
			buildConfigurationList = 51BF3ABB1EC07B7500041EC8 /* Build configuration list for PBXNativeTarget "弹窗UITests" */;
			buildPhases = (
				51BF3AA81EC07B7500041EC8 /* Sources */,
				51BF3AA91EC07B7500041EC8 /* Frameworks */,
				51BF3AAA1EC07B7500041EC8 /* Resources */,
			);
			buildRules = (
			);
			dependencies = (
				51BF3AAE1EC07B7500041EC8 /* PBXTargetDependency */,
			);
			name = "弹窗UITests";
			productName = "弹窗UITests";
			productReference = 51BF3AAC1EC07B7500041EC8 /* 弹窗UITests.xctest */;
			productType = "com.apple.product-type.bundle.ui-testing";
		};
/* End PBXNativeTarget section */

/* Begin PBXProject section */
		51BF3A801EC07B7500041EC8 /* Project object */ = {
			isa = PBXProject;
			attributes = {
				LastUpgradeCheck = 0830;
				ORGANIZATIONNAME = lrz;
				TargetAttributes = {
					51BF3A871EC07B7500041EC8 = {
						CreatedOnToolsVersion = 8.3.1;
						DevelopmentTeam = HKPC7T96G7;
						ProvisioningStyle = Automatic;
					};
					51BF3AA01EC07B7500041EC8 = {
						CreatedOnToolsVersion = 8.3.1;
						DevelopmentTeam = B4A2AYAJR2;
						ProvisioningStyle = Automatic;
						TestTargetID = 51BF3A871EC07B7500041EC8;
					};
					51BF3AAB1EC07B7500041EC8 = {
						CreatedOnToolsVersion = 8.3.1;
						DevelopmentTeam = B4A2AYAJR2;
						ProvisioningStyle = Automatic;
						TestTargetID = 51BF3A871EC07B7500041EC8;
					};
				};
			};
			buildConfigurationList = 51BF3A831EC07B7500041EC8 /* Build configuration list for PBXProject "弹窗" */;
			compatibilityVersion = "Xcode 3.2";
			developmentRegion = English;
			hasScannedForEncodings = 0;
			knownRegions = (
				en,
				Base,
			);
			mainGroup = 51BF3A7F1EC07B7500041EC8;
			productRefGroup = 51BF3A891EC07B7500041EC8 /* Products */;
			projectDirPath = "";
			projectRoot = "";
			targets = (
				51BF3A871EC07B7500041EC8 /* 弹窗 */,
				51BF3AA01EC07B7500041EC8 /* 弹窗Tests */,
				51BF3AAB1EC07B7500041EC8 /* 弹窗UITests */,
			);
		};
/* End PBXProject section */

/* Begin PBXResourcesBuildPhase section */
		51BF3A861EC07B7500041EC8 /* Resources */ = {
			isa = PBXResourcesBuildPhase;
			buildActionMask = 2147483647;
			files = (
				51BF3B461EC07BCC00041EC8 /* up_img.png in Resources */,
				51BF3A9B1EC07B7500041EC8 /* LaunchScreen.storyboard in Resources */,
				51BF3B4C1EC07BCC00041EC8 /* MRSingleSwitch_未选中.png in Resources */,
				51BF3B4A1EC07BCC00041EC8 /* sharp_List.png in Resources */,
				51BF3B4D1EC07BCC00041EC8 /* MRSingleSwitch_选中.png in Resources */,
				51BF3A981EC07B7500041EC8 /* Assets.xcassets in Resources */,
				51BF3B2A1EC07BCC00041EC8 /* return123.png in Resources */,
				51BF3A961EC07B7500041EC8 /* Main.storyboard in Resources */,
				51BF3B421EC07BCC00041EC8 /* down_img.png in Resources */,
				51BF3B441EC07BCC00041EC8 /* seleted_right.png in Resources */,
			);
			runOnlyForDeploymentPostprocessing = 0;
		};
		51BF3A9F1EC07B7500041EC8 /* Resources */ = {
			isa = PBXResourcesBuildPhase;
			buildActionMask = 2147483647;
			files = (
			);
			runOnlyForDeploymentPostprocessing = 0;
		};
		51BF3AAA1EC07B7500041EC8 /* Resources */ = {
			isa = PBXResourcesBuildPhase;
			buildActionMask = 2147483647;
			files = (
			);
			runOnlyForDeploymentPostprocessing = 0;
		};
/* End PBXResourcesBuildPhase section */

/* Begin PBXSourcesBuildPhase section */
		51BF3A841EC07B7500041EC8 /* Sources */ = {
			isa = PBXSourcesBuildPhase;
			buildActionMask = 2147483647;
			files = (
				51BF3B481EC07BCC00041EC8 /* MRInputBoxView.m in Sources */,
				51BF3B471EC07BCC00041EC8 /* MRImageView.m in Sources */,
				51BF3B4B1EC07BCC00041EC8 /* MRSingleSwitch.m in Sources */,
				51BF3B341EC07BCC00041EC8 /* MRCommonColorAndPicture.m in Sources */,
				51BF3B3D1EC07BCC00041EC8 /* MRLabel.m in Sources */,
				51BF3B2C1EC07BCC00041EC8 /* NSAttributedString+MRAttributedString.m in Sources */,
				51BF3B371EC07BCC00041EC8 /* MRCommonString.m in Sources */,
				51BF3A931EC07B7500041EC8 /* ViewController.m in Sources */,
				51BF3B3F1EC07BCC00041EC8 /* MRSiderBarView.m in Sources */,
				51BF3B261EC07BCC00041EC8 /* BaseCtrl.m in Sources */,
				51BF3B351EC07BCC00041EC8 /* MRCommonOther.m in Sources */,
				51BF3B291EC07BCC00041EC8 /* BasePushCtrl.m in Sources */,
				51BF3A901EC07B7500041EC8 /* AppDelegate.m in Sources */,
				51BF3B2E1EC07BCC00041EC8 /* NSString+MRString.m in Sources */,
				51BF3B281EC07BCC00041EC8 /* BasePresentCtrl.m in Sources */,
				51BF3B4E1EC07BCC00041EC8 /* MRTextField.m in Sources */,
				51BF3A8D1EC07B7500041EC8 /* main.m in Sources */,
				51BF3B331EC07BCC00041EC8 /* UIView+MRView.m in Sources */,
				51BF3B3C1EC07BCC00041EC8 /* MRFullView.m in Sources */,
				51BF3B451EC07BCC00041EC8 /* UIView+MRExtension.m in Sources */,
				51BF3B2B1EC07BCC00041EC8 /* NSArray+MRLog.m in Sources */,
				51BF3B321EC07BCC00041EC8 /* UIScreen+MRScreen.m in Sources */,
				51BF3B391EC07BCC00041EC8 /* Reachability.m in Sources */,
				51BF3B381EC07BCC00041EC8 /* MRCommonTime.m in Sources */,
				51BF3B271EC07BCC00041EC8 /* BaseNavigation.m in Sources */,
				51BF3B431EC07BCC00041EC8 /* MRDropDownView.m in Sources */,
				51BF3B3A1EC07BCC00041EC8 /* MRAlertView.m in Sources */,
				51BF3B3B1EC07BCC00041EC8 /* MRCurtainView.m in Sources */,
				51BF3B2F1EC07BCC00041EC8 /* UIButton+MRButton.m in Sources */,
				51BF3B2D1EC07BCC00041EC8 /* NSDate+MRDate.m in Sources */,
				51BF3B401EC07BCC00041EC8 /* MRButton.m in Sources */,
				51BF3B311EC07BCC00041EC8 /* UIImageView+MRImageView.m in Sources */,
				51BF3B301EC07BCC00041EC8 /* UIColor+MRColor.m in Sources */,
				51BF3B361EC07BCC00041EC8 /* MRCommonRuntime.m in Sources */,
				51BF3B3E1EC07BCC00041EC8 /* MRPopController.m in Sources */,
				51BF3B411EC07BCC00041EC8 /* MRChangeView.m in Sources */,
				51BF3B491EC07BCC00041EC8 /* MRListDownView.m in Sources */,
			);
			runOnlyForDeploymentPostprocessing = 0;
		};
		51BF3A9D1EC07B7500041EC8 /* Sources */ = {
			isa = PBXSourcesBuildPhase;
			buildActionMask = 2147483647;
			files = (
				51BF3AA61EC07B7500041EC8 /* __Tests.m in Sources */,
			);
			runOnlyForDeploymentPostprocessing = 0;
		};
		51BF3AA81EC07B7500041EC8 /* Sources */ = {
			isa = PBXSourcesBuildPhase;
			buildActionMask = 2147483647;
			files = (
				51BF3AB11EC07B7500041EC8 /* __UITests.m in Sources */,
			);
			runOnlyForDeploymentPostprocessing = 0;
		};
/* End PBXSourcesBuildPhase section */

/* Begin PBXTargetDependency section */
		51BF3AA31EC07B7500041EC8 /* PBXTargetDependency */ = {
			isa = PBXTargetDependency;
			target = 51BF3A871EC07B7500041EC8 /* 弹窗 */;
			targetProxy = 51BF3AA21EC07B7500041EC8 /* PBXContainerItemProxy */;
		};
		51BF3AAE1EC07B7500041EC8 /* PBXTargetDependency */ = {
			isa = PBXTargetDependency;
			target = 51BF3A871EC07B7500041EC8 /* 弹窗 */;
			targetProxy = 51BF3AAD1EC07B7500041EC8 /* PBXContainerItemProxy */;
		};
/* End PBXTargetDependency section */

/* Begin PBXVariantGroup section */
		51BF3A941EC07B7500041EC8 /* Main.storyboard */ = {
			isa = PBXVariantGroup;
			children = (
				51BF3A951EC07B7500041EC8 /* Base */,
			);
			name = Main.storyboard;
			sourceTree = "<group>";
		};
		51BF3A991EC07B7500041EC8 /* LaunchScreen.storyboard */ = {
			isa = PBXVariantGroup;
			children = (
				51BF3A9A1EC07B7500041EC8 /* Base */,
			);
			name = LaunchScreen.storyboard;
			sourceTree = "<group>";
		};
/* End PBXVariantGroup section */

/* Begin XCBuildConfiguration section */
		51BF3AB31EC07B7500041EC8 /* Debug */ = {
			isa = XCBuildConfiguration;
			buildSettings = {
				ALWAYS_SEARCH_USER_PATHS = NO;
				CLANG_ANALYZER_NONNULL = YES;
				CLANG_ANALYZER_NUMBER_OBJECT_CONVERSION = YES_AGGRESSIVE;
				CLANG_CXX_LANGUAGE_STANDARD = "gnu++0x";
				CLANG_CXX_LIBRARY = "libc++";
				CLANG_ENABLE_MODULES = YES;
				CLANG_ENABLE_OBJC_ARC = YES;
				CLANG_WARN_BOOL_CONVERSION = YES;
				CLANG_WARN_CONSTANT_CONVERSION = YES;
				CLANG_WARN_DIRECT_OBJC_ISA_USAGE = YES_ERROR;
				CLANG_WARN_DOCUMENTATION_COMMENTS = YES;
				CLANG_WARN_EMPTY_BODY = YES;
				CLANG_WARN_ENUM_CONVERSION = YES;
				CLANG_WARN_INFINITE_RECURSION = YES;
				CLANG_WARN_INT_CONVERSION = YES;
				CLANG_WARN_OBJC_ROOT_CLASS = YES_ERROR;
				CLANG_WARN_SUSPICIOUS_MOVE = YES;
				CLANG_WARN_UNREACHABLE_CODE = YES;
				CLANG_WARN__DUPLICATE_METHOD_MATCH = YES;
				"CODE_SIGN_IDENTITY[sdk=iphoneos*]" = "iPhone Developer";
				COPY_PHASE_STRIP = NO;
				DEBUG_INFORMATION_FORMAT = dwarf;
				ENABLE_STRICT_OBJC_MSGSEND = YES;
				ENABLE_TESTABILITY = YES;
				GCC_C_LANGUAGE_STANDARD = gnu99;
				GCC_DYNAMIC_NO_PIC = NO;
				GCC_NO_COMMON_BLOCKS = YES;
				GCC_OPTIMIZATION_LEVEL = 0;
				GCC_PREPROCESSOR_DEFINITIONS = (
					"DEBUG=1",
					"$(inherited)",
				);
				GCC_WARN_64_TO_32_BIT_CONVERSION = YES;
				GCC_WARN_ABOUT_RETURN_TYPE = YES_ERROR;
				GCC_WARN_UNDECLARED_SELECTOR = YES;
				GCC_WARN_UNINITIALIZED_AUTOS = YES_AGGRESSIVE;
				GCC_WARN_UNUSED_FUNCTION = YES;
				GCC_WARN_UNUSED_VARIABLE = YES;
				IPHONEOS_DEPLOYMENT_TARGET = 10.3;
				MTL_ENABLE_DEBUG_INFO = YES;
				ONLY_ACTIVE_ARCH = YES;
				SDKROOT = iphoneos;
			};
			name = Debug;
		};
		51BF3AB41EC07B7500041EC8 /* Release */ = {
			isa = XCBuildConfiguration;
			buildSettings = {
				ALWAYS_SEARCH_USER_PATHS = NO;
				CLANG_ANALYZER_NONNULL = YES;
				CLANG_ANALYZER_NUMBER_OBJECT_CONVERSION = YES_AGGRESSIVE;
				CLANG_CXX_LANGUAGE_STANDARD = "gnu++0x";
				CLANG_CXX_LIBRARY = "libc++";
				CLANG_ENABLE_MODULES = YES;
				CLANG_ENABLE_OBJC_ARC = YES;
				CLANG_WARN_BOOL_CONVERSION = YES;
				CLANG_WARN_CONSTANT_CONVERSION = YES;
				CLANG_WARN_DIRECT_OBJC_ISA_USAGE = YES_ERROR;
				CLANG_WARN_DOCUMENTATION_COMMENTS = YES;
				CLANG_WARN_EMPTY_BODY = YES;
				CLANG_WARN_ENUM_CONVERSION = YES;
				CLANG_WARN_INFINITE_RECURSION = YES;
				CLANG_WARN_INT_CONVERSION = YES;
				CLANG_WARN_OBJC_ROOT_CLASS = YES_ERROR;
				CLANG_WARN_SUSPICIOUS_MOVE = YES;
				CLANG_WARN_UNREACHABLE_CODE = YES;
				CLANG_WARN__DUPLICATE_METHOD_MATCH = YES;
				"CODE_SIGN_IDENTITY[sdk=iphoneos*]" = "iPhone Developer";
				COPY_PHASE_STRIP = NO;
				DEBUG_INFORMATION_FORMAT = "dwarf-with-dsym";
				ENABLE_NS_ASSERTIONS = NO;
				ENABLE_STRICT_OBJC_MSGSEND = YES;
				GCC_C_LANGUAGE_STANDARD = gnu99;
				GCC_NO_COMMON_BLOCKS = YES;
				GCC_WARN_64_TO_32_BIT_CONVERSION = YES;
				GCC_WARN_ABOUT_RETURN_TYPE = YES_ERROR;
				GCC_WARN_UNDECLARED_SELECTOR = YES;
				GCC_WARN_UNINITIALIZED_AUTOS = YES_AGGRESSIVE;
				GCC_WARN_UNUSED_FUNCTION = YES;
				GCC_WARN_UNUSED_VARIABLE = YES;
				IPHONEOS_DEPLOYMENT_TARGET = 10.3;
				MTL_ENABLE_DEBUG_INFO = NO;
				SDKROOT = iphoneos;
				VALIDATE_PRODUCT = YES;
			};
			name = Release;
		};
		51BF3AB61EC07B7500041EC8 /* Debug */ = {
			isa = XCBuildConfiguration;
			buildSettings = {
				ASSETCATALOG_COMPILER_APPICON_NAME = AppIcon;
				DEVELOPMENT_TEAM = HKPC7T96G7;
				INFOPLIST_FILE = "弹窗/Info.plist";
				LD_RUNPATH_SEARCH_PATHS = "$(inherited) @executable_path/Frameworks";
				PRODUCT_BUNDLE_IDENTIFIER = "tech.dreamgo.--";
				PRODUCT_NAME = "$(TARGET_NAME)";
			};
			name = Debug;
		};
		51BF3AB71EC07B7500041EC8 /* Release */ = {
			isa = XCBuildConfiguration;
			buildSettings = {
				ASSETCATALOG_COMPILER_APPICON_NAME = AppIcon;
				DEVELOPMENT_TEAM = HKPC7T96G7;
				INFOPLIST_FILE = "弹窗/Info.plist";
				LD_RUNPATH_SEARCH_PATHS = "$(inherited) @executable_path/Frameworks";
				PRODUCT_BUNDLE_IDENTIFIER = "tech.dreamgo.--";
				PRODUCT_NAME = "$(TARGET_NAME)";
			};
			name = Release;
		};
		51BF3AB91EC07B7500041EC8 /* Debug */ = {
			isa = XCBuildConfiguration;
			buildSettings = {
				BUNDLE_LOADER = "$(TEST_HOST)";
				DEVELOPMENT_TEAM = B4A2AYAJR2;
				INFOPLIST_FILE = "弹窗Tests/Info.plist";
				LD_RUNPATH_SEARCH_PATHS = "$(inherited) @executable_path/Frameworks @loader_path/Frameworks";
				PRODUCT_BUNDLE_IDENTIFIER = "tech.dreamgo.--Tests";
				PRODUCT_NAME = "$(TARGET_NAME)";
				TEST_HOST = "$(BUILT_PRODUCTS_DIR)/弹窗.app/弹窗";
			};
			name = Debug;
		};
		51BF3ABA1EC07B7500041EC8 /* Release */ = {
			isa = XCBuildConfiguration;
			buildSettings = {
				BUNDLE_LOADER = "$(TEST_HOST)";
				DEVELOPMENT_TEAM = B4A2AYAJR2;
				INFOPLIST_FILE = "弹窗Tests/Info.plist";
				LD_RUNPATH_SEARCH_PATHS = "$(inherited) @executable_path/Frameworks @loader_path/Frameworks";
				PRODUCT_BUNDLE_IDENTIFIER = "tech.dreamgo.--Tests";
				PRODUCT_NAME = "$(TARGET_NAME)";
				TEST_HOST = "$(BUILT_PRODUCTS_DIR)/弹窗.app/弹窗";
			};
			name = Release;
		};
		51BF3ABC1EC07B7500041EC8 /* Debug */ = {
			isa = XCBuildConfiguration;
			buildSettings = {
				DEVELOPMENT_TEAM = B4A2AYAJR2;
				INFOPLIST_FILE = "弹窗UITests/Info.plist";
				LD_RUNPATH_SEARCH_PATHS = "$(inherited) @executable_path/Frameworks @loader_path/Frameworks";
				PRODUCT_BUNDLE_IDENTIFIER = "tech.dreamgo.--UITests";
				PRODUCT_NAME = "$(TARGET_NAME)";
				TEST_TARGET_NAME = "弹窗";
			};
			name = Debug;
		};
		51BF3ABD1EC07B7500041EC8 /* Release */ = {
			isa = XCBuildConfiguration;
			buildSettings = {
				DEVELOPMENT_TEAM = B4A2AYAJR2;
				INFOPLIST_FILE = "弹窗UITests/Info.plist";
				LD_RUNPATH_SEARCH_PATHS = "$(inherited) @executable_path/Frameworks @loader_path/Frameworks";
				PRODUCT_BUNDLE_IDENTIFIER = "tech.dreamgo.--UITests";
				PRODUCT_NAME = "$(TARGET_NAME)";
				TEST_TARGET_NAME = "弹窗";
			};
			name = Release;
		};
/* End XCBuildConfiguration section */

/* Begin XCConfigurationList section */
		51BF3A831EC07B7500041EC8 /* Build configuration list for PBXProject "弹窗" */ = {
			isa = XCConfigurationList;
			buildConfigurations = (
				51BF3AB31EC07B7500041EC8 /* Debug */,
				51BF3AB41EC07B7500041EC8 /* Release */,
			);
			defaultConfigurationIsVisible = 0;
			defaultConfigurationName = Release;
		};
		51BF3AB51EC07B7500041EC8 /* Build configuration list for PBXNativeTarget "弹窗" */ = {
			isa = XCConfigurationList;
			buildConfigurations = (
				51BF3AB61EC07B7500041EC8 /* Debug */,
				51BF3AB71EC07B7500041EC8 /* Release */,
			);
			defaultConfigurationIsVisible = 0;
			defaultConfigurationName = Release;
		};
		51BF3AB81EC07B7500041EC8 /* Build configuration list for PBXNativeTarget "弹窗Tests" */ = {
			isa = XCConfigurationList;
			buildConfigurations = (
				51BF3AB91EC07B7500041EC8 /* Debug */,
				51BF3ABA1EC07B7500041EC8 /* Release */,
			);
			defaultConfigurationIsVisible = 0;
			defaultConfigurationName = Release;
		};
		51BF3ABB1EC07B7500041EC8 /* Build configuration list for PBXNativeTarget "弹窗UITests" */ = {
			isa = XCConfigurationList;
			buildConfigurations = (
				51BF3ABC1EC07B7500041EC8 /* Debug */,
				51BF3ABD1EC07B7500041EC8 /* Release */,
			);
			defaultConfigurationIsVisible = 0;
			defaultConfigurationName = Release;
		};
/* End XCConfigurationList section */
	};
	rootObject = 51BF3A801EC07B7500041EC8 /* Project object */;
}
