// !$*UTF8*$!
{
	archiveVersion = 1;
	classes = {
	};
	objectVersion = 46;
	objects = {

/* Begin PBXBuildFile section */
		512F2CE21EB201140061FDB0 /* NSArray+MRLog.m in Sources */ = {isa = PBXBuildFile; fileRef = 512F2C9D1EB201140061FDB0 /* NSArray+MRLog.m */; };
		512F2CE31EB201140061FDB0 /* NSAttributedString+MRAttributedString.m in Sources */ = {isa = PBXBuildFile; fileRef = 512F2CA01EB201140061FDB0 /* NSAttributedString+MRAttributedString.m */; };
		512F2CE41EB201140061FDB0 /* NSString+MRString.m in Sources */ = {isa = PBXBuildFile; fileRef = 512F2CA31EB201140061FDB0 /* NSString+MRString.m */; };
		512F2CE51EB201140061FDB0 /* UIButton+MRButton.m in Sources */ = {isa = PBXBuildFile; fileRef = 512F2CA61EB201140061FDB0 /* UIButton+MRButton.m */; };
		512F2CE61EB201140061FDB0 /* UIColor+MRColor.m in Sources */ = {isa = PBXBuildFile; fileRef = 512F2CA91EB201140061FDB0 /* UIColor+MRColor.m */; };
		512F2CE71EB201140061FDB0 /* UIImageView+MRImageView.m in Sources */ = {isa = PBXBuildFile; fileRef = 512F2CAC1EB201140061FDB0 /* UIImageView+MRImageView.m */; };
		512F2CE81EB201140061FDB0 /* UIScreen+MRScreen.m in Sources */ = {isa = PBXBuildFile; fileRef = 512F2CAF1EB201140061FDB0 /* UIScreen+MRScreen.m */; };
		512F2CE91EB201140061FDB0 /* UIView+MRView.m in Sources */ = {isa = PBXBuildFile; fileRef = 512F2CB21EB201140061FDB0 /* UIView+MRView.m */; };
		512F2CEA1EB201140061FDB0 /* MRCommonColorAndPicture.m in Sources */ = {isa = PBXBuildFile; fileRef = 512F2CB61EB201140061FDB0 /* MRCommonColorAndPicture.m */; };
		512F2CEB1EB201140061FDB0 /* MRCommonOther.m in Sources */ = {isa = PBXBuildFile; fileRef = 512F2CB81EB201140061FDB0 /* MRCommonOther.m */; };
		512F2CEC1EB201140061FDB0 /* MRCommonRuntime.m in Sources */ = {isa = PBXBuildFile; fileRef = 512F2CBA1EB201140061FDB0 /* MRCommonRuntime.m */; };
		512F2CED1EB201140061FDB0 /* MRCommonString.m in Sources */ = {isa = PBXBuildFile; fileRef = 512F2CBC1EB201140061FDB0 /* MRCommonString.m */; };
		512F2CEE1EB201140061FDB0 /* MRCommonTime.m in Sources */ = {isa = PBXBuildFile; fileRef = 512F2CBE1EB201140061FDB0 /* MRCommonTime.m */; };
		512F2CEF1EB201140061FDB0 /* Reachability.m in Sources */ = {isa = PBXBuildFile; fileRef = 512F2CC01EB201140061FDB0 /* Reachability.m */; };
		512F2CF01EB201140061FDB0 /* MRButton.m in Sources */ = {isa = PBXBuildFile; fileRef = 512F2CC41EB201140061FDB0 /* MRButton.m */; };
		512F2CF11EB201140061FDB0 /* MRChangeView.m in Sources */ = {isa = PBXBuildFile; fileRef = 512F2CC71EB201140061FDB0 /* MRChangeView.m */; };
		512F2CF21EB201140061FDB0 /* down_img.png in Resources */ = {isa = PBXBuildFile; fileRef = 512F2CC91EB201140061FDB0 /* down_img.png */; };
		512F2CF31EB201140061FDB0 /* MRDropDownView.m in Sources */ = {isa = PBXBuildFile; fileRef = 512F2CCB1EB201140061FDB0 /* MRDropDownView.m */; };
		512F2CF41EB201140061FDB0 /* seleted_right.png in Resources */ = {isa = PBXBuildFile; fileRef = 512F2CCC1EB201140061FDB0 /* seleted_right.png */; };
		512F2CF51EB201140061FDB0 /* UIView+MRExtension.m in Sources */ = {isa = PBXBuildFile; fileRef = 512F2CCE1EB201140061FDB0 /* UIView+MRExtension.m */; };
		512F2CF61EB201140061FDB0 /* up_img.png in Resources */ = {isa = PBXBuildFile; fileRef = 512F2CCF1EB201140061FDB0 /* up_img.png */; };
		512F2CF71EB201140061FDB0 /* MRImageView.m in Sources */ = {isa = PBXBuildFile; fileRef = 512F2CD21EB201140061FDB0 /* MRImageView.m */; };
		512F2CF81EB201140061FDB0 /* MRInputBoxView.m in Sources */ = {isa = PBXBuildFile; fileRef = 512F2CD51EB201140061FDB0 /* MRInputBoxView.m */; };
		512F2CF91EB201140061FDB0 /* MRListDownView.m in Sources */ = {isa = PBXBuildFile; fileRef = 512F2CD81EB201140061FDB0 /* MRListDownView.m */; };
		512F2CFA1EB201140061FDB0 /* sharp_List.png in Resources */ = {isa = PBXBuildFile; fileRef = 512F2CD91EB201140061FDB0 /* sharp_List.png */; };
		512F2CFB1EB201150061FDB0 /* MRSingleSwitch.m in Sources */ = {isa = PBXBuildFile; fileRef = 512F2CDC1EB201140061FDB0 /* MRSingleSwitch.m */; };
		512F2CFC1EB201150061FDB0 /* MRSingleSwitch_未选中.png in Resources */ = {isa = PBXBuildFile; fileRef = 512F2CDD1EB201140061FDB0 /* MRSingleSwitch_未选中.png */; };
		512F2CFD1EB201150061FDB0 /* MRSingleSwitch_选中.png in Resources */ = {isa = PBXBuildFile; fileRef = 512F2CDE1EB201140061FDB0 /* MRSingleSwitch_选中.png */; };
		512F2CFE1EB201150061FDB0 /* MRTextField.m in Sources */ = {isa = PBXBuildFile; fileRef = 512F2CE11EB201140061FDB0 /* MRTextField.m */; };
		5159DEE01EB201360077BEF1 /* 杨幂.jpg in Resources */ = {isa = PBXBuildFile; fileRef = 5159DEDF1EB201360077BEF1 /* 杨幂.jpg */; };
		518199E91EB02CB90055F4AE /* main.m in Sources */ = {isa = PBXBuildFile; fileRef = 518199E81EB02CB90055F4AE /* main.m */; };
		518199EC1EB02CB90055F4AE /* AppDelegate.m in Sources */ = {isa = PBXBuildFile; fileRef = 518199EB1EB02CB90055F4AE /* AppDelegate.m */; };
		518199EF1EB02CB90055F4AE /* ViewController.m in Sources */ = {isa = PBXBuildFile; fileRef = 518199EE1EB02CB90055F4AE /* ViewController.m */; };
		518199F21EB02CB90055F4AE /* Main.storyboard in Resources */ = {isa = PBXBuildFile; fileRef = 518199F01EB02CB90055F4AE /* Main.storyboard */; };
		518199F41EB02CB90055F4AE /* Assets.xcassets in Resources */ = {isa = PBXBuildFile; fileRef = 518199F31EB02CB90055F4AE /* Assets.xcassets */; };
		518199F71EB02CB90055F4AE /* LaunchScreen.storyboard in Resources */ = {isa = PBXBuildFile; fileRef = 518199F51EB02CB90055F4AE /* LaunchScreen.storyboard */; };
		51819A021EB02CB90055F4AE /* InputBoxTests.m in Sources */ = {isa = PBXBuildFile; fileRef = 51819A011EB02CB90055F4AE /* InputBoxTests.m */; };
		51819A0D1EB02CB90055F4AE /* InputBoxUITests.m in Sources */ = {isa = PBXBuildFile; fileRef = 51819A0C1EB02CB90055F4AE /* InputBoxUITests.m */; };
/* End PBXBuildFile section */

/* Begin PBXContainerItemProxy section */
		518199FE1EB02CB90055F4AE /* PBXContainerItemProxy */ = {
			isa = PBXContainerItemProxy;
			containerPortal = 518199DC1EB02CB90055F4AE /* Project object */;
			proxyType = 1;
			remoteGlobalIDString = 518199E31EB02CB90055F4AE;
			remoteInfo = InputBox;
		};
		51819A091EB02CB90055F4AE /* PBXContainerItemProxy */ = {
			isa = PBXContainerItemProxy;
			containerPortal = 518199DC1EB02CB90055F4AE /* Project object */;
			proxyType = 1;
			remoteGlobalIDString = 518199E31EB02CB90055F4AE;
			remoteInfo = InputBox;
		};
/* End PBXContainerItemProxy section */

/* Begin PBXFileReference section */
		512F2C9C1EB201140061FDB0 /* NSArray+MRLog.h */ = {isa = PBXFileReference; fileEncoding = 4; lastKnownFileType = sourcecode.c.h; path = "NSArray+MRLog.h"; sourceTree = "<group>"; };
		512F2C9D1EB201140061FDB0 /* NSArray+MRLog.m */ = {isa = PBXFileReference; fileEncoding = 4; lastKnownFileType = sourcecode.c.objc; path = "NSArray+MRLog.m"; sourceTree = "<group>"; };
		512F2C9F1EB201140061FDB0 /* NSAttributedString+MRAttributedString.h */ = {isa = PBXFileReference; fileEncoding = 4; lastKnownFileType = sourcecode.c.h; path = "NSAttributedString+MRAttributedString.h"; sourceTree = "<group>"; };
		512F2CA01EB201140061FDB0 /* NSAttributedString+MRAttributedString.m */ = {isa = PBXFileReference; fileEncoding = 4; lastKnownFileType = sourcecode.c.objc; path = "NSAttributedString+MRAttributedString.m"; sourceTree = "<group>"; };
		512F2CA21EB201140061FDB0 /* NSString+MRString.h */ = {isa = PBXFileReference; fileEncoding = 4; lastKnownFileType = sourcecode.c.h; path = "NSString+MRString.h"; sourceTree = "<group>"; };
		512F2CA31EB201140061FDB0 /* NSString+MRString.m */ = {isa = PBXFileReference; fileEncoding = 4; lastKnownFileType = sourcecode.c.objc; path = "NSString+MRString.m"; sourceTree = "<group>"; };
		512F2CA51EB201140061FDB0 /* UIButton+MRButton.h */ = {isa = PBXFileReference; fileEncoding = 4; lastKnownFileType = sourcecode.c.h; path = "UIButton+MRButton.h"; sourceTree = "<group>"; };
		512F2CA61EB201140061FDB0 /* UIButton+MRButton.m */ = {isa = PBXFileReference; fileEncoding = 4; lastKnownFileType = sourcecode.c.objc; path = "UIButton+MRButton.m"; sourceTree = "<group>"; };
		512F2CA81EB201140061FDB0 /* UIColor+MRColor.h */ = {isa = PBXFileReference; fileEncoding = 4; lastKnownFileType = sourcecode.c.h; path = "UIColor+MRColor.h"; sourceTree = "<group>"; };
		512F2CA91EB201140061FDB0 /* UIColor+MRColor.m */ = {isa = PBXFileReference; fileEncoding = 4; lastKnownFileType = sourcecode.c.objc; path = "UIColor+MRColor.m"; sourceTree = "<group>"; };
		512F2CAB1EB201140061FDB0 /* UIImageView+MRImageView.h */ = {isa = PBXFileReference; fileEncoding = 4; lastKnownFileType = sourcecode.c.h; path = "UIImageView+MRImageView.h"; sourceTree = "<group>"; };
		512F2CAC1EB201140061FDB0 /* UIImageView+MRImageView.m */ = {isa = PBXFileReference; fileEncoding = 4; lastKnownFileType = sourcecode.c.objc; path = "UIImageView+MRImageView.m"; sourceTree = "<group>"; };
		512F2CAE1EB201140061FDB0 /* UIScreen+MRScreen.h */ = {isa = PBXFileReference; fileEncoding = 4; lastKnownFileType = sourcecode.c.h; path = "UIScreen+MRScreen.h"; sourceTree = "<group>"; };
		512F2CAF1EB201140061FDB0 /* UIScreen+MRScreen.m */ = {isa = PBXFileReference; fileEncoding = 4; lastKnownFileType = sourcecode.c.objc; path = "UIScreen+MRScreen.m"; sourceTree = "<group>"; };
		512F2CB11EB201140061FDB0 /* UIView+MRView.h */ = {isa = PBXFileReference; fileEncoding = 4; lastKnownFileType = sourcecode.c.h; path = "UIView+MRView.h"; sourceTree = "<group>"; };
		512F2CB21EB201140061FDB0 /* UIView+MRView.m */ = {isa = PBXFileReference; fileEncoding = 4; lastKnownFileType = sourcecode.c.objc; path = "UIView+MRView.m"; sourceTree = "<group>"; };
		512F2CB31EB201140061FDB0 /* MRCommon.h */ = {isa = PBXFileReference; fileEncoding = 4; lastKnownFileType = sourcecode.c.h; path = MRCommon.h; sourceTree = "<group>"; };
		512F2CB51EB201140061FDB0 /* MRCommonColorAndPicture.h */ = {isa = PBXFileReference; fileEncoding = 4; lastKnownFileType = sourcecode.c.h; path = MRCommonColorAndPicture.h; sourceTree = "<group>"; };
		512F2CB61EB201140061FDB0 /* MRCommonColorAndPicture.m */ = {isa = PBXFileReference; fileEncoding = 4; lastKnownFileType = sourcecode.c.objc; path = MRCommonColorAndPicture.m; sourceTree = "<group>"; };
		512F2CB71EB201140061FDB0 /* MRCommonOther.h */ = {isa = PBXFileReference; fileEncoding = 4; lastKnownFileType = sourcecode.c.h; path = MRCommonOther.h; sourceTree = "<group>"; };
		512F2CB81EB201140061FDB0 /* MRCommonOther.m */ = {isa = PBXFileReference; fileEncoding = 4; lastKnownFileType = sourcecode.c.objc; path = MRCommonOther.m; sourceTree = "<group>"; };
		512F2CB91EB201140061FDB0 /* MRCommonRuntime.h */ = {isa = PBXFileReference; fileEncoding = 4; lastKnownFileType = sourcecode.c.h; path = MRCommonRuntime.h; sourceTree = "<group>"; };
		512F2CBA1EB201140061FDB0 /* MRCommonRuntime.m */ = {isa = PBXFileReference; fileEncoding = 4; lastKnownFileType = sourcecode.c.objc; path = MRCommonRuntime.m; sourceTree = "<group>"; };
		512F2CBB1EB201140061FDB0 /* MRCommonString.h */ = {isa = PBXFileReference; fileEncoding = 4; lastKnownFileType = sourcecode.c.h; path = MRCommonString.h; sourceTree = "<group>"; };
		512F2CBC1EB201140061FDB0 /* MRCommonString.m */ = {isa = PBXFileReference; fileEncoding = 4; lastKnownFileType = sourcecode.c.objc; path = MRCommonString.m; sourceTree = "<group>"; };
		512F2CBD1EB201140061FDB0 /* MRCommonTime.h */ = {isa = PBXFileReference; fileEncoding = 4; lastKnownFileType = sourcecode.c.h; path = MRCommonTime.h; sourceTree = "<group>"; };
		512F2CBE1EB201140061FDB0 /* MRCommonTime.m */ = {isa = PBXFileReference; fileEncoding = 4; lastKnownFileType = sourcecode.c.objc; path = MRCommonTime.m; sourceTree = "<group>"; };
		512F2CBF1EB201140061FDB0 /* Reachability.h */ = {isa = PBXFileReference; fileEncoding = 4; lastKnownFileType = sourcecode.c.h; path = Reachability.h; sourceTree = "<group>"; };
		512F2CC01EB201140061FDB0 /* Reachability.m */ = {isa = PBXFileReference; fileEncoding = 4; lastKnownFileType = sourcecode.c.objc; path = Reachability.m; sourceTree = "<group>"; };
		512F2CC31EB201140061FDB0 /* MRButton.h */ = {isa = PBXFileReference; fileEncoding = 4; lastKnownFileType = sourcecode.c.h; path = MRButton.h; sourceTree = "<group>"; };
		512F2CC41EB201140061FDB0 /* MRButton.m */ = {isa = PBXFileReference; fileEncoding = 4; lastKnownFileType = sourcecode.c.objc; path = MRButton.m; sourceTree = "<group>"; };
		512F2CC61EB201140061FDB0 /* MRChangeView.h */ = {isa = PBXFileReference; fileEncoding = 4; lastKnownFileType = sourcecode.c.h; path = MRChangeView.h; sourceTree = "<group>"; };
		512F2CC71EB201140061FDB0 /* MRChangeView.m */ = {isa = PBXFileReference; fileEncoding = 4; lastKnownFileType = sourcecode.c.objc; path = MRChangeView.m; sourceTree = "<group>"; };
		512F2CC91EB201140061FDB0 /* down_img.png */ = {isa = PBXFileReference; lastKnownFileType = image.png; path = down_img.png; sourceTree = "<group>"; };
		512F2CCA1EB201140061FDB0 /* MRDropDownView.h */ = {isa = PBXFileReference; fileEncoding = 4; lastKnownFileType = sourcecode.c.h; path = MRDropDownView.h; sourceTree = "<group>"; };
		512F2CCB1EB201140061FDB0 /* MRDropDownView.m */ = {isa = PBXFileReference; fileEncoding = 4; lastKnownFileType = sourcecode.c.objc; path = MRDropDownView.m; sourceTree = "<group>"; };
		512F2CCC1EB201140061FDB0 /* seleted_right.png */ = {isa = PBXFileReference; lastKnownFileType = image.png; path = seleted_right.png; sourceTree = "<group>"; };
		512F2CCD1EB201140061FDB0 /* UIView+MRExtension.h */ = {isa = PBXFileReference; fileEncoding = 4; lastKnownFileType = sourcecode.c.h; path = "UIView+MRExtension.h"; sourceTree = "<group>"; };
		512F2CCE1EB201140061FDB0 /* UIView+MRExtension.m */ = {isa = PBXFileReference; fileEncoding = 4; lastKnownFileType = sourcecode.c.objc; path = "UIView+MRExtension.m"; sourceTree = "<group>"; };
		512F2CCF1EB201140061FDB0 /* up_img.png */ = {isa = PBXFileReference; lastKnownFileType = image.png; path = up_img.png; sourceTree = "<group>"; };
		512F2CD11EB201140061FDB0 /* MRImageView.h */ = {isa = PBXFileReference; fileEncoding = 4; lastKnownFileType = sourcecode.c.h; path = MRImageView.h; sourceTree = "<group>"; };
		512F2CD21EB201140061FDB0 /* MRImageView.m */ = {isa = PBXFileReference; fileEncoding = 4; lastKnownFileType = sourcecode.c.objc; path = MRImageView.m; sourceTree = "<group>"; };
		512F2CD41EB201140061FDB0 /* MRInputBoxView.h */ = {isa = PBXFileReference; fileEncoding = 4; lastKnownFileType = sourcecode.c.h; path = MRInputBoxView.h; sourceTree = "<group>"; };
		512F2CD51EB201140061FDB0 /* MRInputBoxView.m */ = {isa = PBXFileReference; fileEncoding = 4; lastKnownFileType = sourcecode.c.objc; path = MRInputBoxView.m; sourceTree = "<group>"; };
		512F2CD71EB201140061FDB0 /* MRListDownView.h */ = {isa = PBXFileReference; fileEncoding = 4; lastKnownFileType = sourcecode.c.h; path = MRListDownView.h; sourceTree = "<group>"; };
		512F2CD81EB201140061FDB0 /* MRListDownView.m */ = {isa = PBXFileReference; fileEncoding = 4; lastKnownFileType = sourcecode.c.objc; path = MRListDownView.m; sourceTree = "<group>"; };
		512F2CD91EB201140061FDB0 /* sharp_List.png */ = {isa = PBXFileReference; lastKnownFileType = image.png; path = sharp_List.png; sourceTree = "<group>"; };
		512F2CDB1EB201140061FDB0 /* MRSingleSwitch.h */ = {isa = PBXFileReference; fileEncoding = 4; lastKnownFileType = sourcecode.c.h; path = MRSingleSwitch.h; sourceTree = "<group>"; };
		512F2CDC1EB201140061FDB0 /* MRSingleSwitch.m */ = {isa = PBXFileReference; fileEncoding = 4; lastKnownFileType = sourcecode.c.objc; path = MRSingleSwitch.m; sourceTree = "<group>"; };
		512F2CDD1EB201140061FDB0 /* MRSingleSwitch_未选中.png */ = {isa = PBXFileReference; lastKnownFileType = image.png; path = "MRSingleSwitch_未选中.png"; sourceTree = "<group>"; };
		512F2CDE1EB201140061FDB0 /* MRSingleSwitch_选中.png */ = {isa = PBXFileReference; lastKnownFileType = image.png; path = "MRSingleSwitch_选中.png"; sourceTree = "<group>"; };
		512F2CE01EB201140061FDB0 /* MRTextField.h */ = {isa = PBXFileReference; fileEncoding = 4; lastKnownFileType = sourcecode.c.h; path = MRTextField.h; sourceTree = "<group>"; };
		512F2CE11EB201140061FDB0 /* MRTextField.m */ = {isa = PBXFileReference; fileEncoding = 4; lastKnownFileType = sourcecode.c.objc; path = MRTextField.m; sourceTree = "<group>"; };
		5159DEDF1EB201360077BEF1 /* 杨幂.jpg */ = {isa = PBXFileReference; lastKnownFileType = image.jpeg; path = "杨幂.jpg"; sourceTree = "<group>"; };
		518199E41EB02CB90055F4AE /* InputBox.app */ = {isa = PBXFileReference; explicitFileType = wrapper.application; includeInIndex = 0; path = InputBox.app; sourceTree = BUILT_PRODUCTS_DIR; };
		518199E81EB02CB90055F4AE /* main.m */ = {isa = PBXFileReference; lastKnownFileType = sourcecode.c.objc; path = main.m; sourceTree = "<group>"; };
		518199EA1EB02CB90055F4AE /* AppDelegate.h */ = {isa = PBXFileReference; lastKnownFileType = sourcecode.c.h; path = AppDelegate.h; sourceTree = "<group>"; };
		518199EB1EB02CB90055F4AE /* AppDelegate.m */ = {isa = PBXFileReference; lastKnownFileType = sourcecode.c.objc; path = AppDelegate.m; sourceTree = "<group>"; };
		518199ED1EB02CB90055F4AE /* ViewController.h */ = {isa = PBXFileReference; lastKnownFileType = sourcecode.c.h; path = ViewController.h; sourceTree = "<group>"; };
		518199EE1EB02CB90055F4AE /* ViewController.m */ = {isa = PBXFileReference; lastKnownFileType = sourcecode.c.objc; path = ViewController.m; sourceTree = "<group>"; };
		518199F11EB02CB90055F4AE /* Base */ = {isa = PBXFileReference; lastKnownFileType = file.storyboard; name = Base; path = Base.lproj/Main.storyboard; sourceTree = "<group>"; };
		518199F31EB02CB90055F4AE /* Assets.xcassets */ = {isa = PBXFileReference; lastKnownFileType = folder.assetcatalog; path = Assets.xcassets; sourceTree = "<group>"; };
		518199F61EB02CB90055F4AE /* Base */ = {isa = PBXFileReference; lastKnownFileType = file.storyboard; name = Base; path = Base.lproj/LaunchScreen.storyboard; sourceTree = "<group>"; };
		518199F81EB02CB90055F4AE /* Info.plist */ = {isa = PBXFileReference; lastKnownFileType = text.plist.xml; path = Info.plist; sourceTree = "<group>"; };
		518199FD1EB02CB90055F4AE /* InputBoxTests.xctest */ = {isa = PBXFileReference; explicitFileType = wrapper.cfbundle; includeInIndex = 0; path = InputBoxTests.xctest; sourceTree = BUILT_PRODUCTS_DIR; };
		51819A011EB02CB90055F4AE /* InputBoxTests.m */ = {isa = PBXFileReference; lastKnownFileType = sourcecode.c.objc; path = InputBoxTests.m; sourceTree = "<group>"; };
		51819A031EB02CB90055F4AE /* Info.plist */ = {isa = PBXFileReference; lastKnownFileType = text.plist.xml; path = Info.plist; sourceTree = "<group>"; };
		51819A081EB02CB90055F4AE /* InputBoxUITests.xctest */ = {isa = PBXFileReference; explicitFileType = wrapper.cfbundle; includeInIndex = 0; path = InputBoxUITests.xctest; sourceTree = BUILT_PRODUCTS_DIR; };
		51819A0C1EB02CB90055F4AE /* InputBoxUITests.m */ = {isa = PBXFileReference; lastKnownFileType = sourcecode.c.objc; path = InputBoxUITests.m; sourceTree = "<group>"; };
		51819A0E1EB02CB90055F4AE /* Info.plist */ = {isa = PBXFileReference; lastKnownFileType = text.plist.xml; path = Info.plist; sourceTree = "<group>"; };
/* End PBXFileReference section */

/* Begin PBXFrameworksBuildPhase section */
		518199E11EB02CB90055F4AE /* Frameworks */ = {
			isa = PBXFrameworksBuildPhase;
			buildActionMask = 2147483647;
			files = (
			);
			runOnlyForDeploymentPostprocessing = 0;
		};
		518199FA1EB02CB90055F4AE /* Frameworks */ = {
			isa = PBXFrameworksBuildPhase;
			buildActionMask = 2147483647;
			files = (
			);
			runOnlyForDeploymentPostprocessing = 0;
		};
		51819A051EB02CB90055F4AE /* Frameworks */ = {
			isa = PBXFrameworksBuildPhase;
			buildActionMask = 2147483647;
			files = (
			);
			runOnlyForDeploymentPostprocessing = 0;
		};
/* End PBXFrameworksBuildPhase section */

/* Begin PBXGroup section */
		512F2C991EB201140061FDB0 /* MRCommon */ = {
			isa = PBXGroup;
			children = (
				512F2C9A1EB201140061FDB0 /* MRCategory */,
				512F2CB31EB201140061FDB0 /* MRCommon.h */,
				512F2CB41EB201140061FDB0 /* MRCommonPackaging */,
				512F2CC11EB201140061FDB0 /* MRView */,
			);
			path = MRCommon;
			sourceTree = "<group>";
		};
		512F2C9A1EB201140061FDB0 /* MRCategory */ = {
			isa = PBXGroup;
			children = (
				512F2C9B1EB201140061FDB0 /* NSArray */,
				512F2C9E1EB201140061FDB0 /* NSAttributedString */,
				512F2CA11EB201140061FDB0 /* NSString */,
				512F2CA41EB201140061FDB0 /* UIButton */,
				512F2CA71EB201140061FDB0 /* UIColor */,
				512F2CAA1EB201140061FDB0 /* UIImageView */,
				512F2CAD1EB201140061FDB0 /* UIScreen */,
				512F2CB01EB201140061FDB0 /* UIView */,
			);
			path = MRCategory;
			sourceTree = "<group>";
		};
		512F2C9B1EB201140061FDB0 /* NSArray */ = {
			isa = PBXGroup;
			children = (
				512F2C9C1EB201140061FDB0 /* NSArray+MRLog.h */,
				512F2C9D1EB201140061FDB0 /* NSArray+MRLog.m */,
			);
			path = NSArray;
			sourceTree = "<group>";
		};
		512F2C9E1EB201140061FDB0 /* NSAttributedString */ = {
			isa = PBXGroup;
			children = (
				512F2C9F1EB201140061FDB0 /* NSAttributedString+MRAttributedString.h */,
				512F2CA01EB201140061FDB0 /* NSAttributedString+MRAttributedString.m */,
			);
			path = NSAttributedString;
			sourceTree = "<group>";
		};
		512F2CA11EB201140061FDB0 /* NSString */ = {
			isa = PBXGroup;
			children = (
				512F2CA21EB201140061FDB0 /* NSString+MRString.h */,
				512F2CA31EB201140061FDB0 /* NSString+MRString.m */,
			);
			path = NSString;
			sourceTree = "<group>";
		};
		512F2CA41EB201140061FDB0 /* UIButton */ = {
			isa = PBXGroup;
			children = (
				512F2CA51EB201140061FDB0 /* UIButton+MRButton.h */,
				512F2CA61EB201140061FDB0 /* UIButton+MRButton.m */,
			);
			path = UIButton;
			sourceTree = "<group>";
		};
		512F2CA71EB201140061FDB0 /* UIColor */ = {
			isa = PBXGroup;
			children = (
				512F2CA81EB201140061FDB0 /* UIColor+MRColor.h */,
				512F2CA91EB201140061FDB0 /* UIColor+MRColor.m */,
			);
			path = UIColor;
			sourceTree = "<group>";
		};
		512F2CAA1EB201140061FDB0 /* UIImageView */ = {
			isa = PBXGroup;
			children = (
				512F2CAB1EB201140061FDB0 /* UIImageView+MRImageView.h */,
				512F2CAC1EB201140061FDB0 /* UIImageView+MRImageView.m */,
			);
			path = UIImageView;
			sourceTree = "<group>";
		};
		512F2CAD1EB201140061FDB0 /* UIScreen */ = {
			isa = PBXGroup;
			children = (
				512F2CAE1EB201140061FDB0 /* UIScreen+MRScreen.h */,
				512F2CAF1EB201140061FDB0 /* UIScreen+MRScreen.m */,
			);
			path = UIScreen;
			sourceTree = "<group>";
		};
		512F2CB01EB201140061FDB0 /* UIView */ = {
			isa = PBXGroup;
			children = (
				512F2CB11EB201140061FDB0 /* UIView+MRView.h */,
				512F2CB21EB201140061FDB0 /* UIView+MRView.m */,
			);
			path = UIView;
			sourceTree = "<group>";
		};
		512F2CB41EB201140061FDB0 /* MRCommonPackaging */ = {
			isa = PBXGroup;
			children = (
				512F2CB51EB201140061FDB0 /* MRCommonColorAndPicture.h */,
				512F2CB61EB201140061FDB0 /* MRCommonColorAndPicture.m */,
				512F2CB71EB201140061FDB0 /* MRCommonOther.h */,
				512F2CB81EB201140061FDB0 /* MRCommonOther.m */,
				512F2CB91EB201140061FDB0 /* MRCommonRuntime.h */,
				512F2CBA1EB201140061FDB0 /* MRCommonRuntime.m */,
				512F2CBB1EB201140061FDB0 /* MRCommonString.h */,
				512F2CBC1EB201140061FDB0 /* MRCommonString.m */,
				512F2CBD1EB201140061FDB0 /* MRCommonTime.h */,
				512F2CBE1EB201140061FDB0 /* MRCommonTime.m */,
				512F2CBF1EB201140061FDB0 /* Reachability.h */,
				512F2CC01EB201140061FDB0 /* Reachability.m */,
			);
			path = MRCommonPackaging;
			sourceTree = "<group>";
		};
		512F2CC11EB201140061FDB0 /* MRView */ = {
			isa = PBXGroup;
			children = (
				512F2CC21EB201140061FDB0 /* MRButton */,
				512F2CC51EB201140061FDB0 /* MRChangeView */,
				512F2CC81EB201140061FDB0 /* MRDropDownView */,
				512F2CD01EB201140061FDB0 /* MRImageView */,
				512F2CD31EB201140061FDB0 /* MRInputBoxView */,
				512F2CD61EB201140061FDB0 /* MRListDownView */,
				512F2CDA1EB201140061FDB0 /* MRSingleSwitch */,
				512F2CDF1EB201140061FDB0 /* MRTextField */,
			);
			path = MRView;
			sourceTree = "<group>";
		};
		512F2CC21EB201140061FDB0 /* MRButton */ = {
			isa = PBXGroup;
			children = (
				512F2CC31EB201140061FDB0 /* MRButton.h */,
				512F2CC41EB201140061FDB0 /* MRButton.m */,
			);
			path = MRButton;
			sourceTree = "<group>";
		};
		512F2CC51EB201140061FDB0 /* MRChangeView */ = {
			isa = PBXGroup;
			children = (
				512F2CC61EB201140061FDB0 /* MRChangeView.h */,
				512F2CC71EB201140061FDB0 /* MRChangeView.m */,
			);
			path = MRChangeView;
			sourceTree = "<group>";
		};
		512F2CC81EB201140061FDB0 /* MRDropDownView */ = {
			isa = PBXGroup;
			children = (
				512F2CC91EB201140061FDB0 /* down_img.png */,
				512F2CCA1EB201140061FDB0 /* MRDropDownView.h */,
				512F2CCB1EB201140061FDB0 /* MRDropDownView.m */,
				512F2CCC1EB201140061FDB0 /* seleted_right.png */,
				512F2CCD1EB201140061FDB0 /* UIView+MRExtension.h */,
				512F2CCE1EB201140061FDB0 /* UIView+MRExtension.m */,
				512F2CCF1EB201140061FDB0 /* up_img.png */,
			);
			path = MRDropDownView;
			sourceTree = "<group>";
		};
		512F2CD01EB201140061FDB0 /* MRImageView */ = {
			isa = PBXGroup;
			children = (
				512F2CD11EB201140061FDB0 /* MRImageView.h */,
				512F2CD21EB201140061FDB0 /* MRImageView.m */,
			);
			path = MRImageView;
			sourceTree = "<group>";
		};
		512F2CD31EB201140061FDB0 /* MRInputBoxView */ = {
			isa = PBXGroup;
			children = (
				512F2CD41EB201140061FDB0 /* MRInputBoxView.h */,
				512F2CD51EB201140061FDB0 /* MRInputBoxView.m */,
			);
			path = MRInputBoxView;
			sourceTree = "<group>";
		};
		512F2CD61EB201140061FDB0 /* MRListDownView */ = {
			isa = PBXGroup;
			children = (
				512F2CD71EB201140061FDB0 /* MRListDownView.h */,
				512F2CD81EB201140061FDB0 /* MRListDownView.m */,
				512F2CD91EB201140061FDB0 /* sharp_List.png */,
			);
			path = MRListDownView;
			sourceTree = "<group>";
		};
		512F2CDA1EB201140061FDB0 /* MRSingleSwitch */ = {
			isa = PBXGroup;
			children = (
				512F2CDB1EB201140061FDB0 /* MRSingleSwitch.h */,
				512F2CDC1EB201140061FDB0 /* MRSingleSwitch.m */,
				512F2CDD1EB201140061FDB0 /* MRSingleSwitch_未选中.png */,
				512F2CDE1EB201140061FDB0 /* MRSingleSwitch_选中.png */,
			);
			path = MRSingleSwitch;
			sourceTree = "<group>";
		};
		512F2CDF1EB201140061FDB0 /* MRTextField */ = {
			isa = PBXGroup;
			children = (
				512F2CE01EB201140061FDB0 /* MRTextField.h */,
				512F2CE11EB201140061FDB0 /* MRTextField.m */,
			);
			path = MRTextField;
			sourceTree = "<group>";
		};
		518199DB1EB02CB90055F4AE = {
			isa = PBXGroup;
			children = (
				518199E61EB02CB90055F4AE /* InputBox */,
				51819A001EB02CB90055F4AE /* InputBoxTests */,
				51819A0B1EB02CB90055F4AE /* InputBoxUITests */,
				518199E51EB02CB90055F4AE /* Products */,
			);
			sourceTree = "<group>";
		};
		518199E51EB02CB90055F4AE /* Products */ = {
			isa = PBXGroup;
			children = (
				518199E41EB02CB90055F4AE /* InputBox.app */,
				518199FD1EB02CB90055F4AE /* InputBoxTests.xctest */,
				51819A081EB02CB90055F4AE /* InputBoxUITests.xctest */,
			);
			name = Products;
			sourceTree = "<group>";
		};
		518199E61EB02CB90055F4AE /* InputBox */ = {
			isa = PBXGroup;
			children = (
				5159DEDF1EB201360077BEF1 /* 杨幂.jpg */,
				512F2C991EB201140061FDB0 /* MRCommon */,
				518199EA1EB02CB90055F4AE /* AppDelegate.h */,
				518199EB1EB02CB90055F4AE /* AppDelegate.m */,
				518199ED1EB02CB90055F4AE /* ViewController.h */,
				518199EE1EB02CB90055F4AE /* ViewController.m */,
				518199F01EB02CB90055F4AE /* Main.storyboard */,
				518199F31EB02CB90055F4AE /* Assets.xcassets */,
				518199F51EB02CB90055F4AE /* LaunchScreen.storyboard */,
				518199F81EB02CB90055F4AE /* Info.plist */,
				518199E71EB02CB90055F4AE /* Supporting Files */,
			);
			path = InputBox;
			sourceTree = "<group>";
		};
		518199E71EB02CB90055F4AE /* Supporting Files */ = {
			isa = PBXGroup;
			children = (
				518199E81EB02CB90055F4AE /* main.m */,
			);
			name = "Supporting Files";
			sourceTree = "<group>";
		};
		51819A001EB02CB90055F4AE /* InputBoxTests */ = {
			isa = PBXGroup;
			children = (
				51819A011EB02CB90055F4AE /* InputBoxTests.m */,
				51819A031EB02CB90055F4AE /* Info.plist */,
			);
			path = InputBoxTests;
			sourceTree = "<group>";
		};
		51819A0B1EB02CB90055F4AE /* InputBoxUITests */ = {
			isa = PBXGroup;
			children = (
				51819A0C1EB02CB90055F4AE /* InputBoxUITests.m */,
				51819A0E1EB02CB90055F4AE /* Info.plist */,
			);
			path = InputBoxUITests;
			sourceTree = "<group>";
		};
/* End PBXGroup section */

/* Begin PBXNativeTarget section */
		518199E31EB02CB90055F4AE /* InputBox */ = {
			isa = PBXNativeTarget;
			buildConfigurationList = 51819A111EB02CB90055F4AE /* Build configuration list for PBXNativeTarget "InputBox" */;
			buildPhases = (
				518199E01EB02CB90055F4AE /* Sources */,
				518199E11EB02CB90055F4AE /* Frameworks */,
				518199E21EB02CB90055F4AE /* Resources */,
			);
			buildRules = (
			);
			dependencies = (
			);
			name = InputBox;
			productName = InputBox;
			productReference = 518199E41EB02CB90055F4AE /* InputBox.app */;
			productType = "com.apple.product-type.application";
		};
		518199FC1EB02CB90055F4AE /* InputBoxTests */ = {
			isa = PBXNativeTarget;
			buildConfigurationList = 51819A141EB02CB90055F4AE /* Build configuration list for PBXNativeTarget "InputBoxTests" */;
			buildPhases = (
				518199F91EB02CB90055F4AE /* Sources */,
				518199FA1EB02CB90055F4AE /* Frameworks */,
				518199FB1EB02CB90055F4AE /* Resources */,
			);
			buildRules = (
			);
			dependencies = (
				518199FF1EB02CB90055F4AE /* PBXTargetDependency */,
			);
			name = InputBoxTests;
			productName = InputBoxTests;
			productReference = 518199FD1EB02CB90055F4AE /* InputBoxTests.xctest */;
			productType = "com.apple.product-type.bundle.unit-test";
		};
		51819A071EB02CB90055F4AE /* InputBoxUITests */ = {
			isa = PBXNativeTarget;
			buildConfigurationList = 51819A171EB02CB90055F4AE /* Build configuration list for PBXNativeTarget "InputBoxUITests" */;
			buildPhases = (
				51819A041EB02CB90055F4AE /* Sources */,
				51819A051EB02CB90055F4AE /* Frameworks */,
				51819A061EB02CB90055F4AE /* Resources */,
			);
			buildRules = (
			);
			dependencies = (
				51819A0A1EB02CB90055F4AE /* PBXTargetDependency */,
			);
			name = InputBoxUITests;
			productName = InputBoxUITests;
			productReference = 51819A081EB02CB90055F4AE /* InputBoxUITests.xctest */;
			productType = "com.apple.product-type.bundle.ui-testing";
		};
/* End PBXNativeTarget section */

/* Begin PBXProject section */
		518199DC1EB02CB90055F4AE /* Project object */ = {
			isa = PBXProject;
			attributes = {
				LastUpgradeCheck = 0830;
				ORGANIZATIONNAME = lrz;
				TargetAttributes = {
					518199E31EB02CB90055F4AE = {
						CreatedOnToolsVersion = 8.3.1;
						DevelopmentTeam = HKPC7T96G7;
						ProvisioningStyle = Automatic;
					};
					518199FC1EB02CB90055F4AE = {
						CreatedOnToolsVersion = 8.3.1;
						DevelopmentTeam = B4A2AYAJR2;
						ProvisioningStyle = Automatic;
						TestTargetID = 518199E31EB02CB90055F4AE;
					};
					51819A071EB02CB90055F4AE = {
						CreatedOnToolsVersion = 8.3.1;
						DevelopmentTeam = B4A2AYAJR2;
						ProvisioningStyle = Automatic;
						TestTargetID = 518199E31EB02CB90055F4AE;
					};
				};
			};
			buildConfigurationList = 518199DF1EB02CB90055F4AE /* Build configuration list for PBXProject "InputBox" */;
			compatibilityVersion = "Xcode 3.2";
			developmentRegion = English;
			hasScannedForEncodings = 0;
			knownRegions = (
				en,
				Base,
			);
			mainGroup = 518199DB1EB02CB90055F4AE;
			productRefGroup = 518199E51EB02CB90055F4AE /* Products */;
			projectDirPath = "";
			projectRoot = "";
			targets = (
				518199E31EB02CB90055F4AE /* InputBox */,
				518199FC1EB02CB90055F4AE /* InputBoxTests */,
				51819A071EB02CB90055F4AE /* InputBoxUITests */,
			);
		};
/* End PBXProject section */

/* Begin PBXResourcesBuildPhase section */
		518199E21EB02CB90055F4AE /* Resources */ = {
			isa = PBXResourcesBuildPhase;
			buildActionMask = 2147483647;
			files = (
				512F2CFD1EB201150061FDB0 /* MRSingleSwitch_选中.png in Resources */,
				518199F71EB02CB90055F4AE /* LaunchScreen.storyboard in Resources */,
				518199F41EB02CB90055F4AE /* Assets.xcassets in Resources */,
				518199F21EB02CB90055F4AE /* Main.storyboard in Resources */,
				512F2CFC1EB201150061FDB0 /* MRSingleSwitch_未选中.png in Resources */,
				5159DEE01EB201360077BEF1 /* 杨幂.jpg in Resources */,
				512F2CF41EB201140061FDB0 /* seleted_right.png in Resources */,
				512F2CF61EB201140061FDB0 /* up_img.png in Resources */,
				512F2CFA1EB201140061FDB0 /* sharp_List.png in Resources */,
				512F2CF21EB201140061FDB0 /* down_img.png in Resources */,
			);
			runOnlyForDeploymentPostprocessing = 0;
		};
		518199FB1EB02CB90055F4AE /* Resources */ = {
			isa = PBXResourcesBuildPhase;
			buildActionMask = 2147483647;
			files = (
			);
			runOnlyForDeploymentPostprocessing = 0;
		};
		51819A061EB02CB90055F4AE /* Resources */ = {
			isa = PBXResourcesBuildPhase;
			buildActionMask = 2147483647;
			files = (
			);
			runOnlyForDeploymentPostprocessing = 0;
		};
/* End PBXResourcesBuildPhase section */

/* Begin PBXSourcesBuildPhase section */
		518199E01EB02CB90055F4AE /* Sources */ = {
			isa = PBXSourcesBuildPhase;
			buildActionMask = 2147483647;
			files = (
				512F2CF01EB201140061FDB0 /* MRButton.m in Sources */,
				512F2CEE1EB201140061FDB0 /* MRCommonTime.m in Sources */,
				518199EF1EB02CB90055F4AE /* ViewController.m in Sources */,
				518199EC1EB02CB90055F4AE /* AppDelegate.m in Sources */,
				512F2CED1EB201140061FDB0 /* MRCommonString.m in Sources */,
				512F2CEC1EB201140061FDB0 /* MRCommonRuntime.m in Sources */,
				512F2CEA1EB201140061FDB0 /* MRCommonColorAndPicture.m in Sources */,
				512F2CE61EB201140061FDB0 /* UIColor+MRColor.m in Sources */,
				512F2CFE1EB201150061FDB0 /* MRTextField.m in Sources */,
				512F2CE71EB201140061FDB0 /* UIImageView+MRImageView.m in Sources */,
				512F2CF91EB201140061FDB0 /* MRListDownView.m in Sources */,
				512F2CF11EB201140061FDB0 /* MRChangeView.m in Sources */,
				512F2CE81EB201140061FDB0 /* UIScreen+MRScreen.m in Sources */,
				512F2CF71EB201140061FDB0 /* MRImageView.m in Sources */,
				512F2CE91EB201140061FDB0 /* UIView+MRView.m in Sources */,
				512F2CF81EB201140061FDB0 /* MRInputBoxView.m in Sources */,
				512F2CE21EB201140061FDB0 /* NSArray+MRLog.m in Sources */,
				512F2CE51EB201140061FDB0 /* UIButton+MRButton.m in Sources */,
				512F2CE41EB201140061FDB0 /* NSString+MRString.m in Sources */,
				512F2CF51EB201140061FDB0 /* UIView+MRExtension.m in Sources */,
				512F2CEB1EB201140061FDB0 /* MRCommonOther.m in Sources */,
				518199E91EB02CB90055F4AE /* main.m in Sources */,
				512F2CFB1EB201150061FDB0 /* MRSingleSwitch.m in Sources */,
				512F2CE31EB201140061FDB0 /* NSAttributedString+MRAttributedString.m in Sources */,
				512F2CF31EB201140061FDB0 /* MRDropDownView.m in Sources */,
				512F2CEF1EB201140061FDB0 /* Reachability.m in Sources */,
			);
			runOnlyForDeploymentPostprocessing = 0;
		};
		518199F91EB02CB90055F4AE /* Sources */ = {
			isa = PBXSourcesBuildPhase;
			buildActionMask = 2147483647;
			files = (
				51819A021EB02CB90055F4AE /* InputBoxTests.m in Sources */,
			);
			runOnlyForDeploymentPostprocessing = 0;
		};
		51819A041EB02CB90055F4AE /* Sources */ = {
			isa = PBXSourcesBuildPhase;
			buildActionMask = 2147483647;
			files = (
				51819A0D1EB02CB90055F4AE /* InputBoxUITests.m in Sources */,
			);
			runOnlyForDeploymentPostprocessing = 0;
		};
/* End PBXSourcesBuildPhase section */

/* Begin PBXTargetDependency section */
		518199FF1EB02CB90055F4AE /* PBXTargetDependency */ = {
			isa = PBXTargetDependency;
			target = 518199E31EB02CB90055F4AE /* InputBox */;
			targetProxy = 518199FE1EB02CB90055F4AE /* PBXContainerItemProxy */;
		};
		51819A0A1EB02CB90055F4AE /* PBXTargetDependency */ = {
			isa = PBXTargetDependency;
			target = 518199E31EB02CB90055F4AE /* InputBox */;
			targetProxy = 51819A091EB02CB90055F4AE /* PBXContainerItemProxy */;
		};
/* End PBXTargetDependency section */

/* Begin PBXVariantGroup section */
		518199F01EB02CB90055F4AE /* Main.storyboard */ = {
			isa = PBXVariantGroup;
			children = (
				518199F11EB02CB90055F4AE /* Base */,
			);
			name = Main.storyboard;
			sourceTree = "<group>";
		};
		518199F51EB02CB90055F4AE /* LaunchScreen.storyboard */ = {
			isa = PBXVariantGroup;
			children = (
				518199F61EB02CB90055F4AE /* Base */,
			);
			name = LaunchScreen.storyboard;
			sourceTree = "<group>";
		};
/* End PBXVariantGroup section */

/* Begin XCBuildConfiguration section */
		51819A0F1EB02CB90055F4AE /* Debug */ = {
			isa = XCBuildConfiguration;
			buildSettings = {
				ALWAYS_SEARCH_USER_PATHS = NO;
				CLANG_ANALYZER_NONNULL = YES;
				CLANG_ANALYZER_NUMBER_OBJECT_CONVERSION = YES_AGGRESSIVE;
				CLANG_CXX_LANGUAGE_STANDARD = "gnu++0x";
				CLANG_CXX_LIBRARY = "libc++";
				CLANG_ENABLE_MODULES = YES;
				CLANG_ENABLE_OBJC_ARC = YES;
				CLANG_WARN_BOOL_CONVERSION = YES;
				CLANG_WARN_CONSTANT_CONVERSION = YES;
				CLANG_WARN_DIRECT_OBJC_ISA_USAGE = YES_ERROR;
				CLANG_WARN_DOCUMENTATION_COMMENTS = YES;
				CLANG_WARN_EMPTY_BODY = YES;
				CLANG_WARN_ENUM_CONVERSION = YES;
				CLANG_WARN_INFINITE_RECURSION = YES;
				CLANG_WARN_INT_CONVERSION = YES;
				CLANG_WARN_OBJC_ROOT_CLASS = YES_ERROR;
				CLANG_WARN_SUSPICIOUS_MOVE = YES;
				CLANG_WARN_UNREACHABLE_CODE = YES;
				CLANG_WARN__DUPLICATE_METHOD_MATCH = YES;
				"CODE_SIGN_IDENTITY[sdk=iphoneos*]" = "iPhone Developer";
				COPY_PHASE_STRIP = NO;
				DEBUG_INFORMATION_FORMAT = dwarf;
				ENABLE_STRICT_OBJC_MSGSEND = YES;
				ENABLE_TESTABILITY = YES;
				GCC_C_LANGUAGE_STANDARD = gnu99;
				GCC_DYNAMIC_NO_PIC = NO;
				GCC_NO_COMMON_BLOCKS = YES;
				GCC_OPTIMIZATION_LEVEL = 0;
				GCC_PREPROCESSOR_DEFINITIONS = (
					"DEBUG=1",
					"$(inherited)",
				);
				GCC_WARN_64_TO_32_BIT_CONVERSION = YES;
				GCC_WARN_ABOUT_RETURN_TYPE = YES_ERROR;
				GCC_WARN_UNDECLARED_SELECTOR = YES;
				GCC_WARN_UNINITIALIZED_AUTOS = YES_AGGRESSIVE;
				GCC_WARN_UNUSED_FUNCTION = YES;
				GCC_WARN_UNUSED_VARIABLE = YES;
				IPHONEOS_DEPLOYMENT_TARGET = 10.3;
				MTL_ENABLE_DEBUG_INFO = YES;
				ONLY_ACTIVE_ARCH = YES;
				SDKROOT = iphoneos;
			};
			name = Debug;
		};
		51819A101EB02CB90055F4AE /* Release */ = {
			isa = XCBuildConfiguration;
			buildSettings = {
				ALWAYS_SEARCH_USER_PATHS = NO;
				CLANG_ANALYZER_NONNULL = YES;
				CLANG_ANALYZER_NUMBER_OBJECT_CONVERSION = YES_AGGRESSIVE;
				CLANG_CXX_LANGUAGE_STANDARD = "gnu++0x";
				CLANG_CXX_LIBRARY = "libc++";
				CLANG_ENABLE_MODULES = YES;
				CLANG_ENABLE_OBJC_ARC = YES;
				CLANG_WARN_BOOL_CONVERSION = YES;
				CLANG_WARN_CONSTANT_CONVERSION = YES;
				CLANG_WARN_DIRECT_OBJC_ISA_USAGE = YES_ERROR;
				CLANG_WARN_DOCUMENTATION_COMMENTS = YES;
				CLANG_WARN_EMPTY_BODY = YES;
				CLANG_WARN_ENUM_CONVERSION = YES;
				CLANG_WARN_INFINITE_RECURSION = YES;
				CLANG_WARN_INT_CONVERSION = YES;
				CLANG_WARN_OBJC_ROOT_CLASS = YES_ERROR;
				CLANG_WARN_SUSPICIOUS_MOVE = YES;
				CLANG_WARN_UNREACHABLE_CODE = YES;
				CLANG_WARN__DUPLICATE_METHOD_MATCH = YES;
				"CODE_SIGN_IDENTITY[sdk=iphoneos*]" = "iPhone Developer";
				COPY_PHASE_STRIP = NO;
				DEBUG_INFORMATION_FORMAT = "dwarf-with-dsym";
				ENABLE_NS_ASSERTIONS = NO;
				ENABLE_STRICT_OBJC_MSGSEND = YES;
				GCC_C_LANGUAGE_STANDARD = gnu99;
				GCC_NO_COMMON_BLOCKS = YES;
				GCC_WARN_64_TO_32_BIT_CONVERSION = YES;
				GCC_WARN_ABOUT_RETURN_TYPE = YES_ERROR;
				GCC_WARN_UNDECLARED_SELECTOR = YES;
				GCC_WARN_UNINITIALIZED_AUTOS = YES_AGGRESSIVE;
				GCC_WARN_UNUSED_FUNCTION = YES;
				GCC_WARN_UNUSED_VARIABLE = YES;
				IPHONEOS_DEPLOYMENT_TARGET = 10.3;
				MTL_ENABLE_DEBUG_INFO = NO;
				SDKROOT = iphoneos;
				VALIDATE_PRODUCT = YES;
			};
			name = Release;
		};
		51819A121EB02CB90055F4AE /* Debug */ = {
			isa = XCBuildConfiguration;
			buildSettings = {
				ASSETCATALOG_COMPILER_APPICON_NAME = AppIcon;
				DEVELOPMENT_TEAM = HKPC7T96G7;
				INFOPLIST_FILE = InputBox/Info.plist;
				LD_RUNPATH_SEARCH_PATHS = "$(inherited) @executable_path/Frameworks";
				PRODUCT_BUNDLE_IDENTIFIER = tech.dreamgo.InputBox;
				PRODUCT_NAME = "$(TARGET_NAME)";
			};
			name = Debug;
		};
		51819A131EB02CB90055F4AE /* Release */ = {
			isa = XCBuildConfiguration;
			buildSettings = {
				ASSETCATALOG_COMPILER_APPICON_NAME = AppIcon;
				DEVELOPMENT_TEAM = HKPC7T96G7;
				INFOPLIST_FILE = InputBox/Info.plist;
				LD_RUNPATH_SEARCH_PATHS = "$(inherited) @executable_path/Frameworks";
				PRODUCT_BUNDLE_IDENTIFIER = tech.dreamgo.InputBox;
				PRODUCT_NAME = "$(TARGET_NAME)";
			};
			name = Release;
		};
		51819A151EB02CB90055F4AE /* Debug */ = {
			isa = XCBuildConfiguration;
			buildSettings = {
				BUNDLE_LOADER = "$(TEST_HOST)";
				DEVELOPMENT_TEAM = B4A2AYAJR2;
				INFOPLIST_FILE = InputBoxTests/Info.plist;
				LD_RUNPATH_SEARCH_PATHS = "$(inherited) @executable_path/Frameworks @loader_path/Frameworks";
				PRODUCT_BUNDLE_IDENTIFIER = tech.dreamgo.InputBoxTests;
				PRODUCT_NAME = "$(TARGET_NAME)";
				TEST_HOST = "$(BUILT_PRODUCTS_DIR)/InputBox.app/InputBox";
			};
			name = Debug;
		};
		51819A161EB02CB90055F4AE /* Release */ = {
			isa = XCBuildConfiguration;
			buildSettings = {
				BUNDLE_LOADER = "$(TEST_HOST)";
				DEVELOPMENT_TEAM = B4A2AYAJR2;
				INFOPLIST_FILE = InputBoxTests/Info.plist;
				LD_RUNPATH_SEARCH_PATHS = "$(inherited) @executable_path/Frameworks @loader_path/Frameworks";
				PRODUCT_BUNDLE_IDENTIFIER = tech.dreamgo.InputBoxTests;
				PRODUCT_NAME = "$(TARGET_NAME)";
				TEST_HOST = "$(BUILT_PRODUCTS_DIR)/InputBox.app/InputBox";
			};
			name = Release;
		};
		51819A181EB02CB90055F4AE /* Debug */ = {
			isa = XCBuildConfiguration;
			buildSettings = {
				DEVELOPMENT_TEAM = B4A2AYAJR2;
				INFOPLIST_FILE = InputBoxUITests/Info.plist;
				LD_RUNPATH_SEARCH_PATHS = "$(inherited) @executable_path/Frameworks @loader_path/Frameworks";
				PRODUCT_BUNDLE_IDENTIFIER = tech.dreamgo.InputBoxUITests;
				PRODUCT_NAME = "$(TARGET_NAME)";
				TEST_TARGET_NAME = InputBox;
			};
			name = Debug;
		};
		51819A191EB02CB90055F4AE /* Release */ = {
			isa = XCBuildConfiguration;
			buildSettings = {
				DEVELOPMENT_TEAM = B4A2AYAJR2;
				INFOPLIST_FILE = InputBoxUITests/Info.plist;
				LD_RUNPATH_SEARCH_PATHS = "$(inherited) @executable_path/Frameworks @loader_path/Frameworks";
				PRODUCT_BUNDLE_IDENTIFIER = tech.dreamgo.InputBoxUITests;
				PRODUCT_NAME = "$(TARGET_NAME)";
				TEST_TARGET_NAME = InputBox;
			};
			name = Release;
		};
/* End XCBuildConfiguration section */

/* Begin XCConfigurationList section */
		518199DF1EB02CB90055F4AE /* Build configuration list for PBXProject "InputBox" */ = {
			isa = XCConfigurationList;
			buildConfigurations = (
				51819A0F1EB02CB90055F4AE /* Debug */,
				51819A101EB02CB90055F4AE /* Release */,
			);
			defaultConfigurationIsVisible = 0;
			defaultConfigurationName = Release;
		};
		51819A111EB02CB90055F4AE /* Build configuration list for PBXNativeTarget "InputBox" */ = {
			isa = XCConfigurationList;
			buildConfigurations = (
				51819A121EB02CB90055F4AE /* Debug */,
				51819A131EB02CB90055F4AE /* Release */,
			);
			defaultConfigurationIsVisible = 0;
			defaultConfigurationName = Release;
		};
		51819A141EB02CB90055F4AE /* Build configuration list for PBXNativeTarget "InputBoxTests" */ = {
			isa = XCConfigurationList;
			buildConfigurations = (
				51819A151EB02CB90055F4AE /* Debug */,
				51819A161EB02CB90055F4AE /* Release */,
			);
			defaultConfigurationIsVisible = 0;
			defaultConfigurationName = Release;
		};
		51819A171EB02CB90055F4AE /* Build configuration list for PBXNativeTarget "InputBoxUITests" */ = {
			isa = XCConfigurationList;
			buildConfigurations = (
				51819A181EB02CB90055F4AE /* Debug */,
				51819A191EB02CB90055F4AE /* Release */,
			);
			defaultConfigurationIsVisible = 0;
			defaultConfigurationName = Release;
		};
/* End XCConfigurationList section */
	};
	rootObject = 518199DC1EB02CB90055F4AE /* Project object */;
}
